PODS:
  - AFNetworking (2.5.1):
    - AFNetworking/NSURLConnection (= 2.5.1)
    - AFNetworking/NSURLSession (= 2.5.1)
    - AFNetworking/Reachability (= 2.5.1)
    - AFNetworking/Security (= 2.5.1)
    - AFNetworking/Serialization (= 2.5.1)
    - AFNetworking/UIKit (= 2.5.1)
  - AFNetworking/NSURLConnection (2.5.1):
    - AFNetworking/Reachability
    - AFNetworking/Security
    - AFNetworking/Serialization
  - AFNetworking/NSURLSession (2.5.1):
    - AFNetworking/Reachability
    - AFNetworking/Security
    - AFNetworking/Serialization
  - AFNetworking/Reachability (2.5.1)
  - AFNetworking/Security (2.5.1)
  - AFNetworking/Serialization (2.5.1)
  - AFNetworking/UIKit (2.5.1):
    - AFNetworking/NSURLConnection
    - AFNetworking/NSURLSession
  - macros_blocks (0.0.1)
  - MBProgressHUD (0.9.1)
  - SCNetworkReachability (2.0.4):
    - SCNetworkReachability/Core (= 2.0.4)
  - SCNetworkReachability/Core (2.0.4):
    - macros_blocks (= 0.0.1)

DEPENDENCIES:
  - AFNetworking (= 2.5.1)
  - MBProgressHUD (~> 0.8)
  - SCNetworkReachability

SPEC CHECKSUMS:
  AFNetworking: 10e85a00bb0f475124e4ff2677bf15693b2c1523
  macros_blocks: da2106a0975514e16f3669f2f50a02efaff642cf
  MBProgressHUD: c47f2c166c126cf2ce36498d80f33e754d4e93ad
  SCNetworkReachability: 4d836180e9ef916da4ef68a34fec748f88950712

COCOAPODS: 0.37.2
