// !$*UTF8*$!
{
	archiveVersion = 1;
	classes = {
	};
	objectVersion = 46;
	objects = {

/* Begin PBXBuildFile section */
		60C763081B53D19900387B54 /* WWLeadsListVC.m in Sources */ = {isa = PBXBuildFile; fileRef = 60C762F91B53D19900387B54 /* WWLeadsListVC.m */; };
		60C763091B53D19900387B54 /* WWLeadsListVC.xib in Resources */ = {isa = PBXBuildFile; fileRef = 60C762FA1B53D19900387B54 /* WWLeadsListVC.xib */; };
		60C7630A1B53D19900387B54 /* WWCreateBidVC.m in Sources */ = {isa = PBXBuildFile; fileRef = 60C762FC1B53D19900387B54 /* WWCreateBidVC.m */; };
		60C7630B1B53D19900387B54 /* WWCreateBidVC.xib in Resources */ = {isa = PBXBuildFile; fileRef = 60C762FD1B53D19900387B54 /* WWCreateBidVC.xib */; };
		60C7630C1B53D19900387B54 /* WWInquiryDetailVC.m in Sources */ = {isa = PBXBuildFile; fileRef = 60C762FF1B53D19900387B54 /* WWInquiryDetailVC.m */; };
		60C7630D1B53D19900387B54 /* WWInquiryDetailVC.xib in Resources */ = {isa = PBXBuildFile; fileRef = 60C763001B53D19900387B54 /* WWInquiryDetailVC.xib */; };
		60C7630E1B53D19900387B54 /* WWInquiryCell.m in Sources */ = {isa = PBXBuildFile; fileRef = 60C763021B53D19900387B54 /* WWInquiryCell.m */; };
		60C7630F1B53D19900387B54 /* WWInquiryCell.xib in Resources */ = {isa = PBXBuildFile; fileRef = 60C763031B53D19900387B54 /* WWInquiryCell.xib */; };
		60C763101B53D19900387B54 /* WWBidListCell.m in Sources */ = {isa = PBXBuildFile; fileRef = 60C763051B53D19900387B54 /* WWBidListCell.m */; };
		60C763111B53D19900387B54 /* WWBidListCell.xib in Resources */ = {isa = PBXBuildFile; fileRef = 60C763061B53D19900387B54 /* WWBidListCell.xib */; };
		60C763141B53D20900387B54 /* WWVendorDetailData.m in Sources */ = {isa = PBXBuildFile; fileRef = 60C763131B53D20900387B54 /* WWVendorDetailData.m */; };
		C59CF1941B5AACDD0018248E /* FBSDKCoreKit.framework in Frameworks */ = {isa = PBXBuildFile; fileRef = C59CF1901B5AACDD0018248E /* FBSDKCoreKit.framework */; };
		C59CF1951B5AACDE0018248E /* FBSDKLoginKit.framework in Frameworks */ = {isa = PBXBuildFile; fileRef = C59CF1911B5AACDD0018248E /* FBSDKLoginKit.framework */; };
		C59CF1961B5AACDE0018248E /* FBSDKMessengerShareKit.framework in Frameworks */ = {isa = PBXBuildFile; fileRef = C59CF1921B5AACDD0018248E /* FBSDKMessengerShareKit.framework */; };
		C59CF1971B5AACDE0018248E /* FBSDKShareKit.framework in Frameworks */ = {isa = PBXBuildFile; fileRef = C59CF1931B5AACDD0018248E /* FBSDKShareKit.framework */; };
		DAC41D564FCD8A8345D36778 /* libPods-WeddingWise.a in Frameworks */ = {isa = PBXBuildFile; fileRef = F35EDC96DE2AB293288A448C /* libPods-WeddingWise.a */; };
		F45332CE1B4B03DE00C09482 /* GothamRoundedBook.ttf in Resources */ = {isa = PBXBuildFile; fileRef = F45332CD1B4B03DE00C09482 /* GothamRoundedBook.ttf */; };
		F4609B651B0BBA8100BCCCB8 /* WWDashboardVC.m in Sources */ = {isa = PBXBuildFile; fileRef = F4609B631B0BBA8100BCCCB8 /* WWDashboardVC.m */; };
		F4609B661B0BBA8100BCCCB8 /* WWDashboardVC.xib in Resources */ = {isa = PBXBuildFile; fileRef = F4609B641B0BBA8100BCCCB8 /* WWDashboardVC.xib */; };
		F4609B721B0BC4B800BCCCB8 /* WWRegistrationVC.m in Sources */ = {isa = PBXBuildFile; fileRef = F4609B701B0BC4B800BCCCB8 /* WWRegistrationVC.m */; };
		F4609B731B0BC4B800BCCCB8 /* WWRegistrationVC.xib in Resources */ = {isa = PBXBuildFile; fileRef = F4609B711B0BC4B800BCCCB8 /* WWRegistrationVC.xib */; };
		F4609B771B0BC4D500BCCCB8 /* WWLoginVC.m in Sources */ = {isa = PBXBuildFile; fileRef = F4609B751B0BC4D500BCCCB8 /* WWLoginVC.m */; };
		F4609B781B0BC4D500BCCCB8 /* WWLoginVC.xib in Resources */ = {isa = PBXBuildFile; fileRef = F4609B761B0BC4D500BCCCB8 /* WWLoginVC.xib */; };
		F470473E1B011AE700FEFEFF /* main.m in Sources */ = {isa = PBXBuildFile; fileRef = F470473D1B011AE700FEFEFF /* main.m */; };
		F47047411B011AE700FEFEFF /* AppDelegate.m in Sources */ = {isa = PBXBuildFile; fileRef = F47047401B011AE700FEFEFF /* AppDelegate.m */; };
		F47047441B011AE700FEFEFF /* WeddingWise.xcdatamodeld in Sources */ = {isa = PBXBuildFile; fileRef = F47047421B011AE700FEFEFF /* WeddingWise.xcdatamodeld */; };
		F47047471B011AE700FEFEFF /* MyKnotList.m in Sources */ = {isa = PBXBuildFile; fileRef = F47047461B011AE700FEFEFF /* MyKnotList.m */; };
		F470474C1B011AE700FEFEFF /* Images.xcassets in Resources */ = {isa = PBXBuildFile; fileRef = F470474B1B011AE700FEFEFF /* Images.xcassets */; };
		F470474F1B011AE700FEFEFF /* LaunchScreen.xib in Resources */ = {isa = PBXBuildFile; fileRef = F470474D1B011AE700FEFEFF /* LaunchScreen.xib */; };
		F470475B1B011AE700FEFEFF /* WeddingWiseTests.m in Sources */ = {isa = PBXBuildFile; fileRef = F470475A1B011AE700FEFEFF /* WeddingWiseTests.m */; };
		F47047651B011DDC00FEFEFF /* MyKnotList.xib in Resources */ = {isa = PBXBuildFile; fileRef = F47047641B011DDC00FEFEFF /* MyKnotList.xib */; };
		F47047811B0123F600FEFEFF /* RDVTabBarController.m in Sources */ = {isa = PBXBuildFile; fileRef = F470477C1B0123F600FEFEFF /* RDVTabBarController.m */; };
		F47047821B0123F600FEFEFF /* RDVTabBarItem.m in Sources */ = {isa = PBXBuildFile; fileRef = F470477E1B0123F600FEFEFF /* RDVTabBarItem.m */; };
		F47047831B0123F600FEFEFF /* RDVTabBar.m in Sources */ = {isa = PBXBuildFile; fileRef = F47047801B0123F600FEFEFF /* RDVTabBar.m */; };
		F47047B41B01273100FEFEFF /* myKnotCell.m in Sources */ = {isa = PBXBuildFile; fileRef = F47047B21B01273100FEFEFF /* myKnotCell.m */; };
		F47047B51B01273100FEFEFF /* myKnotCell.xib in Resources */ = {isa = PBXBuildFile; fileRef = F47047B31B01273100FEFEFF /* myKnotCell.xib */; };
		F4BC31AA1B179B5C00BF5BB2 /* AddressBook.framework in Frameworks */ = {isa = PBXBuildFile; fileRef = F4BC31A91B179B5C00BF5BB2 /* AddressBook.framework */; };
		F4BC31AC1B179B6600BF5BB2 /* AssetsLibrary.framework in Frameworks */ = {isa = PBXBuildFile; fileRef = F4BC31AB1B179B6600BF5BB2 /* AssetsLibrary.framework */; };
		F4BC31AE1B179B6F00BF5BB2 /* Foundation.framework in Frameworks */ = {isa = PBXBuildFile; fileRef = F4BC31AD1B179B6F00BF5BB2 /* Foundation.framework */; };
		F4BC31B01B179B7700BF5BB2 /* CoreLocation.framework in Frameworks */ = {isa = PBXBuildFile; fileRef = F4BC31AF1B179B7700BF5BB2 /* CoreLocation.framework */; };
		F4BC31B21B179B8000BF5BB2 /* CoreMotion.framework in Frameworks */ = {isa = PBXBuildFile; fileRef = F4BC31B11B179B8000BF5BB2 /* CoreMotion.framework */; };
		F4BC31B41B179B8E00BF5BB2 /* CoreGraphics.framework in Frameworks */ = {isa = PBXBuildFile; fileRef = F4BC31B31B179B8E00BF5BB2 /* CoreGraphics.framework */; };
		F4BC31B61B179B9500BF5BB2 /* CoreText.framework in Frameworks */ = {isa = PBXBuildFile; fileRef = F4BC31B51B179B9500BF5BB2 /* CoreText.framework */; };
		F4BC31B81B179B9E00BF5BB2 /* MediaPlayer.framework in Frameworks */ = {isa = PBXBuildFile; fileRef = F4BC31B71B179B9E00BF5BB2 /* MediaPlayer.framework */; };
		F4BC31BA1B179BA500BF5BB2 /* Security.framework in Frameworks */ = {isa = PBXBuildFile; fileRef = F4BC31B91B179BA500BF5BB2 /* Security.framework */; };
		F4BC31BC1B179BBC00BF5BB2 /* SystemConfiguration.framework in Frameworks */ = {isa = PBXBuildFile; fileRef = F4BC31BB1B179BBC00BF5BB2 /* SystemConfiguration.framework */; };
		F4BC31BE1B179BC400BF5BB2 /* UIKit.framework in Frameworks */ = {isa = PBXBuildFile; fileRef = F4BC31BD1B179BC400BF5BB2 /* UIKit.framework */; };
		F4C2B1601B4D70FF000639BC /* WWCategoryListCell.m in Sources */ = {isa = PBXBuildFile; fileRef = F4C2B15E1B4D70FF000639BC /* WWCategoryListCell.m */; };
		F4C2B1611B4D70FF000639BC /* WWCategoryListCell.xib in Resources */ = {isa = PBXBuildFile; fileRef = F4C2B15F1B4D70FF000639BC /* WWCategoryListCell.xib */; };
		F4C2B1651B4D7348000639BC /* WWCategoryCommonCell.m in Sources */ = {isa = PBXBuildFile; fileRef = F4C2B1631B4D7348000639BC /* WWCategoryCommonCell.m */; };
		F4C2B1661B4D7348000639BC /* WWCategoryCommonCell.xib in Resources */ = {isa = PBXBuildFile; fileRef = F4C2B1641B4D7348000639BC /* WWCategoryCommonCell.xib */; };
		F4C2B1691B4D7A29000639BC /* WWCommonData.m in Sources */ = {isa = PBXBuildFile; fileRef = F4C2B1681B4D7A29000639BC /* WWCommonData.m */; };
		F4C680AC1B2475BE00C6ED57 /* slicingfooter.png in Resources */ = {isa = PBXBuildFile; fileRef = F4C680AB1B2475BE00C6ED57 /* slicingfooter.png */; };
		F4C7D85B1B0CFED400D69912 /* WWCommon.m in Sources */ = {isa = PBXBuildFile; fileRef = F4C7D85A1B0CFED400D69912 /* WWCommon.m */; };
		F4C7D85E1B0D031500D69912 /* UITextField+ADTextField.m in Sources */ = {isa = PBXBuildFile; fileRef = F4C7D85D1B0D031500D69912 /* UITextField+ADTextField.m */; };
		F4CB16A81B35AB310078419A /* WWScheduleVC.m in Sources */ = {isa = PBXBuildFile; fileRef = F4CB16A61B35AB310078419A /* WWScheduleVC.m */; };
		F4CB16A91B35AB310078419A /* WWScheduleVC.xib in Resources */ = {isa = PBXBuildFile; fileRef = F4CB16A71B35AB310078419A /* WWScheduleVC.xib */; };
		F4CB16ED1B373EEC0078419A /* WWCategoryPackageCell.m in Sources */ = {isa = PBXBuildFile; fileRef = F4CB16EB1B373EEC0078419A /* WWCategoryPackageCell.m */; };
		F4CB16EE1B373EEC0078419A /* WWCategoryPackageCell.xib in Resources */ = {isa = PBXBuildFile; fileRef = F4CB16EC1B373EEC0078419A /* WWCategoryPackageCell.xib */; };
		F4CB16F21B3770420078419A /* YTPlayerView.m in Sources */ = {isa = PBXBuildFile; fileRef = F4CB16F11B3770420078419A /* YTPlayerView.m */; };
		F4CB16F81B3898CA0078419A /* YTPlayerView-iframe-player.html in Resources */ = {isa = PBXBuildFile; fileRef = F4CB16F71B3898CA0078419A /* YTPlayerView-iframe-player.html */; };
		F4CBDB2B1B52FD15000DB347 /* WWLoginUserData.m in Sources */ = {isa = PBXBuildFile; fileRef = F4CBDB2A1B52FD15000DB347 /* WWLoginUserData.m */; };
		F4CBDB4F1B544998000DB347 /* WWCategoryFooterCell.xib in Resources */ = {isa = PBXBuildFile; fileRef = F4CBDB4D1B544998000DB347 /* WWCategoryFooterCell.xib */; };
		F4CC6D101B59A66F005237F5 /* wwCategoryFooterCell.m in Sources */ = {isa = PBXBuildFile; fileRef = F4CC6D0F1B59A66E005237F5 /* wwCategoryFooterCell.m */; };
		F4CCA5531B48593800F33FDA /* gotham-book.ttf in Resources */ = {isa = PBXBuildFile; fileRef = F4CCA5521B48593800F33FDA /* gotham-book.ttf */; };
		F4CD4E2A1B3082310081FE0B /* WWCategoryCell.m in Sources */ = {isa = PBXBuildFile; fileRef = F4CD4E281B3082310081FE0B /* WWCategoryCell.m */; };
		F4CD4E2B1B3082310081FE0B /* WWCategoryCell.xib in Resources */ = {isa = PBXBuildFile; fileRef = F4CD4E291B3082310081FE0B /* WWCategoryCell.xib */; };
		F4CD4E2F1B3082F20081FE0B /* WWCategoryDetailVC.m in Sources */ = {isa = PBXBuildFile; fileRef = F4CD4E2D1B3082F20081FE0B /* WWCategoryDetailVC.m */; };
		F4CD4E301B3082F20081FE0B /* WWCategoryDetailVC.xib in Resources */ = {isa = PBXBuildFile; fileRef = F4CD4E2E1B3082F20081FE0B /* WWCategoryDetailVC.xib */; };
		F4CD4E411B30830F0081FE0B /* WWCategoryTitleCell.m in Sources */ = {isa = PBXBuildFile; fileRef = F4CD4E331B30830F0081FE0B /* WWCategoryTitleCell.m */; };
		F4CD4E421B30830F0081FE0B /* WWCategoryTitleCell.xib in Resources */ = {isa = PBXBuildFile; fileRef = F4CD4E341B30830F0081FE0B /* WWCategoryTitleCell.xib */; };
		F4CD4E431B30830F0081FE0B /* WWCategoryImageCell.m in Sources */ = {isa = PBXBuildFile; fileRef = F4CD4E361B30830F0081FE0B /* WWCategoryImageCell.m */; };
		F4CD4E441B30830F0081FE0B /* WWCategoryImageCell.xib in Resources */ = {isa = PBXBuildFile; fileRef = F4CD4E371B30830F0081FE0B /* WWCategoryImageCell.xib */; };
		F4CD4E451B30830F0081FE0B /* WWCategoryDescriptionCell.m in Sources */ = {isa = PBXBuildFile; fileRef = F4CD4E391B30830F0081FE0B /* WWCategoryDescriptionCell.m */; };
		F4CD4E461B30830F0081FE0B /* WWCategoryDescriptionCell.xib in Resources */ = {isa = PBXBuildFile; fileRef = F4CD4E3A1B30830F0081FE0B /* WWCategoryDescriptionCell.xib */; };
		F4CD4E471B30830F0081FE0B /* WWCategoryMapCell.m in Sources */ = {isa = PBXBuildFile; fileRef = F4CD4E3C1B30830F0081FE0B /* WWCategoryMapCell.m */; };
		F4CD4E481B30830F0081FE0B /* WWCategoryMapCell.xib in Resources */ = {isa = PBXBuildFile; fileRef = F4CD4E3D1B30830F0081FE0B /* WWCategoryMapCell.xib */; };
		F4CD4E491B30830F0081FE0B /* WWCategoryListingCell.m in Sources */ = {isa = PBXBuildFile; fileRef = F4CD4E3F1B30830F0081FE0B /* WWCategoryListingCell.m */; };
		F4CD4E4A1B30830F0081FE0B /* WWCategoryListingCell.xib in Resources */ = {isa = PBXBuildFile; fileRef = F4CD4E401B30830F0081FE0B /* WWCategoryListingCell.xib */; };
		F4CD4E4E1B3084D30081FE0B /* WWDetailScreen.m in Sources */ = {isa = PBXBuildFile; fileRef = F4CD4E4C1B3084D30081FE0B /* WWDetailScreen.m */; };
		F4CD4E4F1B3084D30081FE0B /* WWDetailScreen.xib in Resources */ = {isa = PBXBuildFile; fileRef = F4CD4E4D1B3084D30081FE0B /* WWDetailScreen.xib */; };
		F4CD4E511B308E150081FE0B /* MapKit.framework in Frameworks */ = {isa = PBXBuildFile; fileRef = F4CD4E501B308E150081FE0B /* MapKit.framework */; };
		F4CD4E581B309D020081FE0B /* WWMessageList.m in Sources */ = {isa = PBXBuildFile; fileRef = F4CD4E531B309D020081FE0B /* WWMessageList.m */; };
		F4CD4E591B309D020081FE0B /* WWMessageList.xib in Resources */ = {isa = PBXBuildFile; fileRef = F4CD4E541B309D020081FE0B /* WWMessageList.xib */; };
		F4CD4E5A1B309D020081FE0B /* WWPrivateMessage.m in Sources */ = {isa = PBXBuildFile; fileRef = F4CD4E561B309D020081FE0B /* WWPrivateMessage.m */; };
		F4CD4E5B1B309D020081FE0B /* WWPrivateMessage.xib in Resources */ = {isa = PBXBuildFile; fileRef = F4CD4E571B309D020081FE0B /* WWPrivateMessage.xib */; };
		F4CD4E651B309D990081FE0B /* MessageListCell.m in Sources */ = {isa = PBXBuildFile; fileRef = F4CD4E5D1B309D990081FE0B /* MessageListCell.m */; };
		F4CD4E661B309D990081FE0B /* MessageListCell.xib in Resources */ = {isa = PBXBuildFile; fileRef = F4CD4E5E1B309D990081FE0B /* MessageListCell.xib */; };
		F4CD4E671B309D990081FE0B /* SenderMsgCell.m in Sources */ = {isa = PBXBuildFile; fileRef = F4CD4E601B309D990081FE0B /* SenderMsgCell.m */; };
		F4CD4E681B309D990081FE0B /* SenderMsgCell.xib in Resources */ = {isa = PBXBuildFile; fileRef = F4CD4E611B309D990081FE0B /* SenderMsgCell.xib */; };
		F4CD4E691B309D990081FE0B /* ReceiverMsgCell.m in Sources */ = {isa = PBXBuildFile; fileRef = F4CD4E631B309D990081FE0B /* ReceiverMsgCell.m */; };
		F4CD4E6A1B309D990081FE0B /* ReceiverMsgCell.xib in Resources */ = {isa = PBXBuildFile; fileRef = F4CD4E641B309D990081FE0B /* ReceiverMsgCell.xib */; };
		F4CFD7D71B1B02C500D53E56 /* WWForgotPassword.m in Sources */ = {isa = PBXBuildFile; fileRef = F4CFD7D51B1B02C500D53E56 /* WWForgotPassword.m */; };
		F4CFD7D81B1B02C500D53E56 /* WWForgotPassword.xib in Resources */ = {isa = PBXBuildFile; fileRef = F4CFD7D61B1B02C500D53E56 /* WWForgotPassword.xib */; };
		F4CFD7EB1B1B6F8A00D53E56 /* FacebookManager.m in Sources */ = {isa = PBXBuildFile; fileRef = F4CFD7EA1B1B6F8A00D53E56 /* FacebookManager.m */; };
		F4CFFA261B45A9430065D5D6 /* CFNetwork.framework in Frameworks */ = {isa = PBXBuildFile; fileRef = F4CFFA251B45A9430065D5D6 /* CFNetwork.framework */; };
		F4CFFA291B45AF4E0065D5D6 /* WWWebService.m in Sources */ = {isa = PBXBuildFile; fileRef = F4CFFA281B45AF4E0065D5D6 /* WWWebService.m */; };
		F4CFFA2B1B45B1470065D5D6 /* WWRegistrationVC~ipad.xib in Resources */ = {isa = PBXBuildFile; fileRef = F4CFFA2A1B45B1470065D5D6 /* WWRegistrationVC~ipad.xib */; };
		F4CFFA2D1B45B1580065D5D6 /* WWDashboardVC~ipad.xib in Resources */ = {isa = PBXBuildFile; fileRef = F4CFFA2C1B45B1580065D5D6 /* WWDashboardVC~ipad.xib */; };
		F4CFFA2F1B45B15D0065D5D6 /* WWLoginVC~ipad.xib in Resources */ = {isa = PBXBuildFile; fileRef = F4CFFA2E1B45B15D0065D5D6 /* WWLoginVC~ipad.xib */; };
		F4CFFA311B45B1850065D5D6 /* WWForgotPassword~ipad.xib in Resources */ = {isa = PBXBuildFile; fileRef = F4CFFA301B45B1850065D5D6 /* WWForgotPassword~ipad.xib */; };
		F4D08A681B20CDB300AF8E36 /* DSLCalendarView.m in Sources */ = {isa = PBXBuildFile; fileRef = F4D08A591B20CDB300AF8E36 /* DSLCalendarView.m */; };
		F4D08A691B20CDB300AF8E36 /* DSLCalendarMonthSelectorView.m in Sources */ = {isa = PBXBuildFile; fileRef = F4D08A5B1B20CDB300AF8E36 /* DSLCalendarMonthSelectorView.m */; };
		F4D08A6A1B20CDB300AF8E36 /* DSLCalendarMonthSelectorView.xib in Resources */ = {isa = PBXBuildFile; fileRef = F4D08A5C1B20CDB300AF8E36 /* DSLCalendarMonthSelectorView.xib */; };
		F4D08A6B1B20CDB300AF8E36 /* DSLCalendarMonthView.m in Sources */ = {isa = PBXBuildFile; fileRef = F4D08A5E1B20CDB300AF8E36 /* DSLCalendarMonthView.m */; };
		F4D08A6C1B20CDB300AF8E36 /* DSLCalendarDayView.m in Sources */ = {isa = PBXBuildFile; fileRef = F4D08A601B20CDB300AF8E36 /* DSLCalendarDayView.m */; };
		F4D08A6D1B20CDB300AF8E36 /* DSLCalendarRange.m in Sources */ = {isa = PBXBuildFile; fileRef = F4D08A621B20CDB300AF8E36 /* DSLCalendarRange.m */; };
		F4D08A6E1B20CDB300AF8E36 /* DSLCalendarDayCalloutView.m in Sources */ = {isa = PBXBuildFile; fileRef = F4D08A641B20CDB300AF8E36 /* DSLCalendarDayCalloutView.m */; };
		F4D08A6F1B20CDB300AF8E36 /* DSLCalendarDayCalloutView.xib in Resources */ = {isa = PBXBuildFile; fileRef = F4D08A651B20CDB300AF8E36 /* DSLCalendarDayCalloutView.xib */; };
		F4D08A701B20CDB300AF8E36 /* NSDate+DSLCalendarView.m in Sources */ = {isa = PBXBuildFile; fileRef = F4D08A671B20CDB300AF8E36 /* NSDate+DSLCalendarView.m */; };
		F4D08A781B20D3BF00AF8E36 /* slicingbg.png in Resources */ = {isa = PBXBuildFile; fileRef = F4D08A771B20D3BF00AF8E36 /* slicingbg.png */; };
		F4D50E061B5AB04300491A93 /* GoogleOpenSource.framework in Frameworks */ = {isa = PBXBuildFile; fileRef = F4D50E031B5AB04300491A93 /* GoogleOpenSource.framework */; };
		F4D50E071B5AB04300491A93 /* GooglePlus.bundle in Resources */ = {isa = PBXBuildFile; fileRef = F4D50E041B5AB04300491A93 /* GooglePlus.bundle */; };
		F4D50E081B5AB04300491A93 /* GooglePlus.framework in Frameworks */ = {isa = PBXBuildFile; fileRef = F4D50E051B5AB04300491A93 /* GooglePlus.framework */; };
/* End PBXBuildFile section */

/* Begin PBXContainerItemProxy section */
		F47047551B011AE700FEFEFF /* PBXContainerItemProxy */ = {
			isa = PBXContainerItemProxy;
			containerPortal = F47047301B011AE700FEFEFF /* Project object */;
			proxyType = 1;
			remoteGlobalIDString = F47047371B011AE700FEFEFF;
			remoteInfo = WeddingWise;
		};
/* End PBXContainerItemProxy section */

/* Begin PBXFileReference section */
		60C762F81B53D19900387B54 /* WWLeadsListVC.h */ = {isa = PBXFileReference; fileEncoding = 4; lastKnownFileType = sourcecode.c.h; path = WWLeadsListVC.h; sourceTree = "<group>"; };
		60C762F91B53D19900387B54 /* WWLeadsListVC.m */ = {isa = PBXFileReference; fileEncoding = 4; lastKnownFileType = sourcecode.c.objc; path = WWLeadsListVC.m; sourceTree = "<group>"; };
		60C762FA1B53D19900387B54 /* WWLeadsListVC.xib */ = {isa = PBXFileReference; fileEncoding = 4; lastKnownFileType = file.xib; path = WWLeadsListVC.xib; sourceTree = "<group>"; };
		60C762FB1B53D19900387B54 /* WWCreateBidVC.h */ = {isa = PBXFileReference; fileEncoding = 4; lastKnownFileType = sourcecode.c.h; path = WWCreateBidVC.h; sourceTree = "<group>"; };
		60C762FC1B53D19900387B54 /* WWCreateBidVC.m */ = {isa = PBXFileReference; fileEncoding = 4; lastKnownFileType = sourcecode.c.objc; path = WWCreateBidVC.m; sourceTree = "<group>"; };
		60C762FD1B53D19900387B54 /* WWCreateBidVC.xib */ = {isa = PBXFileReference; fileEncoding = 4; lastKnownFileType = file.xib; path = WWCreateBidVC.xib; sourceTree = "<group>"; };
		60C762FE1B53D19900387B54 /* WWInquiryDetailVC.h */ = {isa = PBXFileReference; fileEncoding = 4; lastKnownFileType = sourcecode.c.h; path = WWInquiryDetailVC.h; sourceTree = "<group>"; };
		60C762FF1B53D19900387B54 /* WWInquiryDetailVC.m */ = {isa = PBXFileReference; fileEncoding = 4; lastKnownFileType = sourcecode.c.objc; path = WWInquiryDetailVC.m; sourceTree = "<group>"; };
		60C763001B53D19900387B54 /* WWInquiryDetailVC.xib */ = {isa = PBXFileReference; fileEncoding = 4; lastKnownFileType = file.xib; path = WWInquiryDetailVC.xib; sourceTree = "<group>"; };
		60C763011B53D19900387B54 /* WWInquiryCell.h */ = {isa = PBXFileReference; fileEncoding = 4; lastKnownFileType = sourcecode.c.h; path = WWInquiryCell.h; sourceTree = "<group>"; };
		60C763021B53D19900387B54 /* WWInquiryCell.m */ = {isa = PBXFileReference; fileEncoding = 4; lastKnownFileType = sourcecode.c.objc; path = WWInquiryCell.m; sourceTree = "<group>"; };
		60C763031B53D19900387B54 /* WWInquiryCell.xib */ = {isa = PBXFileReference; fileEncoding = 4; lastKnownFileType = file.xib; path = WWInquiryCell.xib; sourceTree = "<group>"; };
		60C763041B53D19900387B54 /* WWBidListCell.h */ = {isa = PBXFileReference; fileEncoding = 4; lastKnownFileType = sourcecode.c.h; path = WWBidListCell.h; sourceTree = "<group>"; };
		60C763051B53D19900387B54 /* WWBidListCell.m */ = {isa = PBXFileReference; fileEncoding = 4; lastKnownFileType = sourcecode.c.objc; path = WWBidListCell.m; sourceTree = "<group>"; };
		60C763061B53D19900387B54 /* WWBidListCell.xib */ = {isa = PBXFileReference; fileEncoding = 4; lastKnownFileType = file.xib; path = WWBidListCell.xib; sourceTree = "<group>"; };
		60C763121B53D20900387B54 /* WWVendorDetailData.h */ = {isa = PBXFileReference; fileEncoding = 4; lastKnownFileType = sourcecode.c.h; path = WWVendorDetailData.h; sourceTree = "<group>"; };
		60C763131B53D20900387B54 /* WWVendorDetailData.m */ = {isa = PBXFileReference; fileEncoding = 4; lastKnownFileType = sourcecode.c.objc; path = WWVendorDetailData.m; sourceTree = "<group>"; };
		B7F75524AF798B2E38C82249 /* Pods-WeddingWise.debug.xcconfig */ = {isa = PBXFileReference; includeInIndex = 1; lastKnownFileType = text.xcconfig; name = "Pods-WeddingWise.debug.xcconfig"; path = "Pods/Target Support Files/Pods-WeddingWise/Pods-WeddingWise.debug.xcconfig"; sourceTree = "<group>"; };
		BCA744BDD1EACD68F038680E /* Pods-WeddingWise.release.xcconfig */ = {isa = PBXFileReference; includeInIndex = 1; lastKnownFileType = text.xcconfig; name = "Pods-WeddingWise.release.xcconfig"; path = "Pods/Target Support Files/Pods-WeddingWise/Pods-WeddingWise.release.xcconfig"; sourceTree = "<group>"; };
		C59CF1901B5AACDD0018248E /* FBSDKCoreKit.framework */ = {isa = PBXFileReference; lastKnownFileType = wrapper.framework; name = FBSDKCoreKit.framework; path = ../../../../../../Documents/FacebookSDK/FBSDKCoreKit.framework; sourceTree = "<group>"; };
		C59CF1911B5AACDD0018248E /* FBSDKLoginKit.framework */ = {isa = PBXFileReference; lastKnownFileType = wrapper.framework; name = FBSDKLoginKit.framework; path = ../../../../../../Documents/FacebookSDK/FBSDKLoginKit.framework; sourceTree = "<group>"; };
		C59CF1921B5AACDD0018248E /* FBSDKMessengerShareKit.framework */ = {isa = PBXFileReference; lastKnownFileType = wrapper.framework; name = FBSDKMessengerShareKit.framework; path = ../../../../../../Documents/FacebookSDK/FBSDKMessengerShareKit.framework; sourceTree = "<group>"; };
		C59CF1931B5AACDD0018248E /* FBSDKShareKit.framework */ = {isa = PBXFileReference; lastKnownFileType = wrapper.framework; name = FBSDKShareKit.framework; path = ../../../../../../Documents/FacebookSDK/FBSDKShareKit.framework; sourceTree = "<group>"; };
		F35EDC96DE2AB293288A448C /* libPods-WeddingWise.a */ = {isa = PBXFileReference; explicitFileType = archive.ar; includeInIndex = 0; path = "libPods-WeddingWise.a"; sourceTree = BUILT_PRODUCTS_DIR; };
		F45332CD1B4B03DE00C09482 /* GothamRoundedBook.ttf */ = {isa = PBXFileReference; lastKnownFileType = file; path = GothamRoundedBook.ttf; sourceTree = "<group>"; };
		F4609B621B0BBA8100BCCCB8 /* WWDashboardVC.h */ = {isa = PBXFileReference; fileEncoding = 4; lastKnownFileType = sourcecode.c.h; path = WWDashboardVC.h; sourceTree = "<group>"; };
		F4609B631B0BBA8100BCCCB8 /* WWDashboardVC.m */ = {isa = PBXFileReference; fileEncoding = 4; lastKnownFileType = sourcecode.c.objc; path = WWDashboardVC.m; sourceTree = "<group>"; };
		F4609B641B0BBA8100BCCCB8 /* WWDashboardVC.xib */ = {isa = PBXFileReference; fileEncoding = 4; lastKnownFileType = file.xib; path = WWDashboardVC.xib; sourceTree = "<group>"; };
		F4609B6F1B0BC4B800BCCCB8 /* WWRegistrationVC.h */ = {isa = PBXFileReference; fileEncoding = 4; lastKnownFileType = sourcecode.c.h; path = WWRegistrationVC.h; sourceTree = "<group>"; };
		F4609B701B0BC4B800BCCCB8 /* WWRegistrationVC.m */ = {isa = PBXFileReference; fileEncoding = 4; lastKnownFileType = sourcecode.c.objc; path = WWRegistrationVC.m; sourceTree = "<group>"; };
		F4609B711B0BC4B800BCCCB8 /* WWRegistrationVC.xib */ = {isa = PBXFileReference; fileEncoding = 4; lastKnownFileType = file.xib; path = WWRegistrationVC.xib; sourceTree = "<group>"; };
		F4609B741B0BC4D500BCCCB8 /* WWLoginVC.h */ = {isa = PBXFileReference; fileEncoding = 4; lastKnownFileType = sourcecode.c.h; path = WWLoginVC.h; sourceTree = "<group>"; };
		F4609B751B0BC4D500BCCCB8 /* WWLoginVC.m */ = {isa = PBXFileReference; fileEncoding = 4; lastKnownFileType = sourcecode.c.objc; path = WWLoginVC.m; sourceTree = "<group>"; };
		F4609B761B0BC4D500BCCCB8 /* WWLoginVC.xib */ = {isa = PBXFileReference; fileEncoding = 4; lastKnownFileType = file.xib; path = WWLoginVC.xib; sourceTree = "<group>"; };
		F47047381B011AE700FEFEFF /* WeddingWise.app */ = {isa = PBXFileReference; explicitFileType = wrapper.application; includeInIndex = 0; path = WeddingWise.app; sourceTree = BUILT_PRODUCTS_DIR; };
		F470473C1B011AE700FEFEFF /* Info.plist */ = {isa = PBXFileReference; lastKnownFileType = text.plist.xml; path = Info.plist; sourceTree = "<group>"; };
		F470473D1B011AE700FEFEFF /* main.m */ = {isa = PBXFileReference; lastKnownFileType = sourcecode.c.objc; path = main.m; sourceTree = "<group>"; };
		F470473F1B011AE700FEFEFF /* AppDelegate.h */ = {isa = PBXFileReference; lastKnownFileType = sourcecode.c.h; path = AppDelegate.h; sourceTree = "<group>"; };
		F47047401B011AE700FEFEFF /* AppDelegate.m */ = {isa = PBXFileReference; lastKnownFileType = sourcecode.c.objc; path = AppDelegate.m; sourceTree = "<group>"; };
		F47047431B011AE700FEFEFF /* WeddingWise.xcdatamodel */ = {isa = PBXFileReference; lastKnownFileType = wrapper.xcdatamodel; path = WeddingWise.xcdatamodel; sourceTree = "<group>"; };
		F47047451B011AE700FEFEFF /* MyKnotList.h */ = {isa = PBXFileReference; lastKnownFileType = sourcecode.c.h; path = MyKnotList.h; sourceTree = "<group>"; };
		F47047461B011AE700FEFEFF /* MyKnotList.m */ = {isa = PBXFileReference; lastKnownFileType = sourcecode.c.objc; path = MyKnotList.m; sourceTree = "<group>"; };
		F470474B1B011AE700FEFEFF /* Images.xcassets */ = {isa = PBXFileReference; lastKnownFileType = folder.assetcatalog; path = Images.xcassets; sourceTree = "<group>"; };
		F470474E1B011AE700FEFEFF /* Base */ = {isa = PBXFileReference; lastKnownFileType = file.xib; name = Base; path = Base.lproj/LaunchScreen.xib; sourceTree = "<group>"; };
		F47047541B011AE700FEFEFF /* WeddingWiseTests.xctest */ = {isa = PBXFileReference; explicitFileType = wrapper.cfbundle; includeInIndex = 0; path = WeddingWiseTests.xctest; sourceTree = BUILT_PRODUCTS_DIR; };
		F47047591B011AE700FEFEFF /* Info.plist */ = {isa = PBXFileReference; lastKnownFileType = text.plist.xml; path = Info.plist; sourceTree = "<group>"; };
		F470475A1B011AE700FEFEFF /* WeddingWiseTests.m */ = {isa = PBXFileReference; lastKnownFileType = sourcecode.c.objc; path = WeddingWiseTests.m; sourceTree = "<group>"; };
		F47047641B011DDC00FEFEFF /* MyKnotList.xib */ = {isa = PBXFileReference; fileEncoding = 4; lastKnownFileType = file.xib; path = MyKnotList.xib; sourceTree = "<group>"; };
		F470477B1B0123F600FEFEFF /* RDVTabBarController.h */ = {isa = PBXFileReference; fileEncoding = 4; lastKnownFileType = sourcecode.c.h; path = RDVTabBarController.h; sourceTree = "<group>"; };
		F470477C1B0123F600FEFEFF /* RDVTabBarController.m */ = {isa = PBXFileReference; fileEncoding = 4; lastKnownFileType = sourcecode.c.objc; path = RDVTabBarController.m; sourceTree = "<group>"; };
		F470477D1B0123F600FEFEFF /* RDVTabBarItem.h */ = {isa = PBXFileReference; fileEncoding = 4; lastKnownFileType = sourcecode.c.h; path = RDVTabBarItem.h; sourceTree = "<group>"; };
		F470477E1B0123F600FEFEFF /* RDVTabBarItem.m */ = {isa = PBXFileReference; fileEncoding = 4; lastKnownFileType = sourcecode.c.objc; path = RDVTabBarItem.m; sourceTree = "<group>"; };
		F470477F1B0123F600FEFEFF /* RDVTabBar.h */ = {isa = PBXFileReference; fileEncoding = 4; lastKnownFileType = sourcecode.c.h; path = RDVTabBar.h; sourceTree = "<group>"; };
		F47047801B0123F600FEFEFF /* RDVTabBar.m */ = {isa = PBXFileReference; fileEncoding = 4; lastKnownFileType = sourcecode.c.objc; path = RDVTabBar.m; sourceTree = "<group>"; };
		F47047B11B01273100FEFEFF /* myKnotCell.h */ = {isa = PBXFileReference; fileEncoding = 4; lastKnownFileType = sourcecode.c.h; path = myKnotCell.h; sourceTree = "<group>"; };
		F47047B21B01273100FEFEFF /* myKnotCell.m */ = {isa = PBXFileReference; fileEncoding = 4; lastKnownFileType = sourcecode.c.objc; path = myKnotCell.m; sourceTree = "<group>"; };
		F47047B31B01273100FEFEFF /* myKnotCell.xib */ = {isa = PBXFileReference; fileEncoding = 4; lastKnownFileType = file.xib; path = myKnotCell.xib; sourceTree = "<group>"; };
		F4BC31A91B179B5C00BF5BB2 /* AddressBook.framework */ = {isa = PBXFileReference; lastKnownFileType = wrapper.framework; name = AddressBook.framework; path = System/Library/Frameworks/AddressBook.framework; sourceTree = SDKROOT; };
		F4BC31AB1B179B6600BF5BB2 /* AssetsLibrary.framework */ = {isa = PBXFileReference; lastKnownFileType = wrapper.framework; name = AssetsLibrary.framework; path = System/Library/Frameworks/AssetsLibrary.framework; sourceTree = SDKROOT; };
		F4BC31AD1B179B6F00BF5BB2 /* Foundation.framework */ = {isa = PBXFileReference; lastKnownFileType = wrapper.framework; name = Foundation.framework; path = System/Library/Frameworks/Foundation.framework; sourceTree = SDKROOT; };
		F4BC31AF1B179B7700BF5BB2 /* CoreLocation.framework */ = {isa = PBXFileReference; lastKnownFileType = wrapper.framework; name = CoreLocation.framework; path = System/Library/Frameworks/CoreLocation.framework; sourceTree = SDKROOT; };
		F4BC31B11B179B8000BF5BB2 /* CoreMotion.framework */ = {isa = PBXFileReference; lastKnownFileType = wrapper.framework; name = CoreMotion.framework; path = System/Library/Frameworks/CoreMotion.framework; sourceTree = SDKROOT; };
		F4BC31B31B179B8E00BF5BB2 /* CoreGraphics.framework */ = {isa = PBXFileReference; lastKnownFileType = wrapper.framework; name = CoreGraphics.framework; path = System/Library/Frameworks/CoreGraphics.framework; sourceTree = SDKROOT; };
		F4BC31B51B179B9500BF5BB2 /* CoreText.framework */ = {isa = PBXFileReference; lastKnownFileType = wrapper.framework; name = CoreText.framework; path = System/Library/Frameworks/CoreText.framework; sourceTree = SDKROOT; };
		F4BC31B71B179B9E00BF5BB2 /* MediaPlayer.framework */ = {isa = PBXFileReference; lastKnownFileType = wrapper.framework; name = MediaPlayer.framework; path = System/Library/Frameworks/MediaPlayer.framework; sourceTree = SDKROOT; };
		F4BC31B91B179BA500BF5BB2 /* Security.framework */ = {isa = PBXFileReference; lastKnownFileType = wrapper.framework; name = Security.framework; path = System/Library/Frameworks/Security.framework; sourceTree = SDKROOT; };
		F4BC31BB1B179BBC00BF5BB2 /* SystemConfiguration.framework */ = {isa = PBXFileReference; lastKnownFileType = wrapper.framework; name = SystemConfiguration.framework; path = System/Library/Frameworks/SystemConfiguration.framework; sourceTree = SDKROOT; };
		F4BC31BD1B179BC400BF5BB2 /* UIKit.framework */ = {isa = PBXFileReference; lastKnownFileType = wrapper.framework; name = UIKit.framework; path = System/Library/Frameworks/UIKit.framework; sourceTree = SDKROOT; };
		F4BCBA9A1B1F961800082A73 /* WeddingWise.pch */ = {isa = PBXFileReference; fileEncoding = 4; lastKnownFileType = sourcecode.c.h; path = WeddingWise.pch; sourceTree = "<group>"; };
		F4C2B15D1B4D70FF000639BC /* WWCategoryListCell.h */ = {isa = PBXFileReference; fileEncoding = 4; lastKnownFileType = sourcecode.c.h; path = WWCategoryListCell.h; sourceTree = "<group>"; };
		F4C2B15E1B4D70FF000639BC /* WWCategoryListCell.m */ = {isa = PBXFileReference; fileEncoding = 4; lastKnownFileType = sourcecode.c.objc; path = WWCategoryListCell.m; sourceTree = "<group>"; };
		F4C2B15F1B4D70FF000639BC /* WWCategoryListCell.xib */ = {isa = PBXFileReference; fileEncoding = 4; lastKnownFileType = file.xib; path = WWCategoryListCell.xib; sourceTree = "<group>"; };
		F4C2B1621B4D7348000639BC /* WWCategoryCommonCell.h */ = {isa = PBXFileReference; fileEncoding = 4; lastKnownFileType = sourcecode.c.h; path = WWCategoryCommonCell.h; sourceTree = "<group>"; };
		F4C2B1631B4D7348000639BC /* WWCategoryCommonCell.m */ = {isa = PBXFileReference; fileEncoding = 4; lastKnownFileType = sourcecode.c.objc; path = WWCategoryCommonCell.m; sourceTree = "<group>"; };
		F4C2B1641B4D7348000639BC /* WWCategoryCommonCell.xib */ = {isa = PBXFileReference; fileEncoding = 4; lastKnownFileType = file.xib; path = WWCategoryCommonCell.xib; sourceTree = "<group>"; };
		F4C2B1671B4D7A29000639BC /* WWCommonData.h */ = {isa = PBXFileReference; fileEncoding = 4; lastKnownFileType = sourcecode.c.h; path = WWCommonData.h; sourceTree = "<group>"; };
		F4C2B1681B4D7A29000639BC /* WWCommonData.m */ = {isa = PBXFileReference; fileEncoding = 4; lastKnownFileType = sourcecode.c.objc; path = WWCommonData.m; sourceTree = "<group>"; };
		F4C680AB1B2475BE00C6ED57 /* slicingfooter.png */ = {isa = PBXFileReference; lastKnownFileType = image.png; path = slicingfooter.png; sourceTree = "<group>"; };
		F4C7D8591B0CFED400D69912 /* WWCommon.h */ = {isa = PBXFileReference; fileEncoding = 4; lastKnownFileType = sourcecode.c.h; path = WWCommon.h; sourceTree = "<group>"; };
		F4C7D85A1B0CFED400D69912 /* WWCommon.m */ = {isa = PBXFileReference; fileEncoding = 4; lastKnownFileType = sourcecode.c.objc; path = WWCommon.m; sourceTree = "<group>"; };
		F4C7D85C1B0D031500D69912 /* UITextField+ADTextField.h */ = {isa = PBXFileReference; fileEncoding = 4; lastKnownFileType = sourcecode.c.h; path = "UITextField+ADTextField.h"; sourceTree = "<group>"; };
		F4C7D85D1B0D031500D69912 /* UITextField+ADTextField.m */ = {isa = PBXFileReference; fileEncoding = 4; lastKnownFileType = sourcecode.c.objc; path = "UITextField+ADTextField.m"; sourceTree = "<group>"; };
		F4CB16A51B35AB310078419A /* WWScheduleVC.h */ = {isa = PBXFileReference; fileEncoding = 4; lastKnownFileType = sourcecode.c.h; path = WWScheduleVC.h; sourceTree = "<group>"; };
		F4CB16A61B35AB310078419A /* WWScheduleVC.m */ = {isa = PBXFileReference; fileEncoding = 4; lastKnownFileType = sourcecode.c.objc; path = WWScheduleVC.m; sourceTree = "<group>"; };
		F4CB16A71B35AB310078419A /* WWScheduleVC.xib */ = {isa = PBXFileReference; fileEncoding = 4; lastKnownFileType = file.xib; path = WWScheduleVC.xib; sourceTree = "<group>"; };
		F4CB16EA1B373EEC0078419A /* WWCategoryPackageCell.h */ = {isa = PBXFileReference; fileEncoding = 4; lastKnownFileType = sourcecode.c.h; path = WWCategoryPackageCell.h; sourceTree = "<group>"; };
		F4CB16EB1B373EEC0078419A /* WWCategoryPackageCell.m */ = {isa = PBXFileReference; fileEncoding = 4; lastKnownFileType = sourcecode.c.objc; path = WWCategoryPackageCell.m; sourceTree = "<group>"; };
		F4CB16EC1B373EEC0078419A /* WWCategoryPackageCell.xib */ = {isa = PBXFileReference; fileEncoding = 4; lastKnownFileType = file.xib; path = WWCategoryPackageCell.xib; sourceTree = "<group>"; };
		F4CB16F01B3770420078419A /* YTPlayerView.h */ = {isa = PBXFileReference; fileEncoding = 4; lastKnownFileType = sourcecode.c.h; path = YTPlayerView.h; sourceTree = "<group>"; };
		F4CB16F11B3770420078419A /* YTPlayerView.m */ = {isa = PBXFileReference; fileEncoding = 4; lastKnownFileType = sourcecode.c.objc; path = YTPlayerView.m; sourceTree = "<group>"; };
		F4CB16F71B3898CA0078419A /* YTPlayerView-iframe-player.html */ = {isa = PBXFileReference; fileEncoding = 4; lastKnownFileType = text.html; path = "YTPlayerView-iframe-player.html"; sourceTree = "<group>"; };
		F4CBDB291B52FD15000DB347 /* WWLoginUserData.h */ = {isa = PBXFileReference; fileEncoding = 4; lastKnownFileType = sourcecode.c.h; path = WWLoginUserData.h; sourceTree = "<group>"; };
		F4CBDB2A1B52FD15000DB347 /* WWLoginUserData.m */ = {isa = PBXFileReference; fileEncoding = 4; lastKnownFileType = sourcecode.c.objc; path = WWLoginUserData.m; sourceTree = "<group>"; };
		F4CBDB4B1B544998000DB347 /* WWCategoryFooterCell.h */ = {isa = PBXFileReference; fileEncoding = 4; lastKnownFileType = sourcecode.c.h; path = WWCategoryFooterCell.h; sourceTree = "<group>"; };
		F4CBDB4D1B544998000DB347 /* WWCategoryFooterCell.xib */ = {isa = PBXFileReference; fileEncoding = 4; lastKnownFileType = file.xib; path = WWCategoryFooterCell.xib; sourceTree = "<group>"; };
		F4CC6D0F1B59A66E005237F5 /* wwCategoryFooterCell.m */ = {isa = PBXFileReference; fileEncoding = 4; lastKnownFileType = sourcecode.c.objc; path = wwCategoryFooterCell.m; sourceTree = "<group>"; };
		F4CCA5521B48593800F33FDA /* gotham-book.ttf */ = {isa = PBXFileReference; lastKnownFileType = file; path = "gotham-book.ttf"; sourceTree = "<group>"; };
		F4CD4E271B3082310081FE0B /* WWCategoryCell.h */ = {isa = PBXFileReference; fileEncoding = 4; lastKnownFileType = sourcecode.c.h; path = WWCategoryCell.h; sourceTree = "<group>"; };
		F4CD4E281B3082310081FE0B /* WWCategoryCell.m */ = {isa = PBXFileReference; fileEncoding = 4; lastKnownFileType = sourcecode.c.objc; path = WWCategoryCell.m; sourceTree = "<group>"; };
		F4CD4E291B3082310081FE0B /* WWCategoryCell.xib */ = {isa = PBXFileReference; fileEncoding = 4; lastKnownFileType = file.xib; path = WWCategoryCell.xib; sourceTree = "<group>"; };
		F4CD4E2C1B3082F20081FE0B /* WWCategoryDetailVC.h */ = {isa = PBXFileReference; fileEncoding = 4; lastKnownFileType = sourcecode.c.h; path = WWCategoryDetailVC.h; sourceTree = "<group>"; };
		F4CD4E2D1B3082F20081FE0B /* WWCategoryDetailVC.m */ = {isa = PBXFileReference; fileEncoding = 4; lastKnownFileType = sourcecode.c.objc; path = WWCategoryDetailVC.m; sourceTree = "<group>"; };
		F4CD4E2E1B3082F20081FE0B /* WWCategoryDetailVC.xib */ = {isa = PBXFileReference; fileEncoding = 4; lastKnownFileType = file.xib; path = WWCategoryDetailVC.xib; sourceTree = "<group>"; };
		F4CD4E321B30830F0081FE0B /* WWCategoryTitleCell.h */ = {isa = PBXFileReference; fileEncoding = 4; lastKnownFileType = sourcecode.c.h; path = WWCategoryTitleCell.h; sourceTree = "<group>"; };
		F4CD4E331B30830F0081FE0B /* WWCategoryTitleCell.m */ = {isa = PBXFileReference; fileEncoding = 4; lastKnownFileType = sourcecode.c.objc; path = WWCategoryTitleCell.m; sourceTree = "<group>"; };
		F4CD4E341B30830F0081FE0B /* WWCategoryTitleCell.xib */ = {isa = PBXFileReference; fileEncoding = 4; lastKnownFileType = file.xib; path = WWCategoryTitleCell.xib; sourceTree = "<group>"; };
		F4CD4E351B30830F0081FE0B /* WWCategoryImageCell.h */ = {isa = PBXFileReference; fileEncoding = 4; lastKnownFileType = sourcecode.c.h; path = WWCategoryImageCell.h; sourceTree = "<group>"; };
		F4CD4E361B30830F0081FE0B /* WWCategoryImageCell.m */ = {isa = PBXFileReference; fileEncoding = 4; lastKnownFileType = sourcecode.c.objc; path = WWCategoryImageCell.m; sourceTree = "<group>"; };
		F4CD4E371B30830F0081FE0B /* WWCategoryImageCell.xib */ = {isa = PBXFileReference; fileEncoding = 4; lastKnownFileType = file.xib; path = WWCategoryImageCell.xib; sourceTree = "<group>"; };
		F4CD4E381B30830F0081FE0B /* WWCategoryDescriptionCell.h */ = {isa = PBXFileReference; fileEncoding = 4; lastKnownFileType = sourcecode.c.h; path = WWCategoryDescriptionCell.h; sourceTree = "<group>"; };
		F4CD4E391B30830F0081FE0B /* WWCategoryDescriptionCell.m */ = {isa = PBXFileReference; fileEncoding = 4; lastKnownFileType = sourcecode.c.objc; path = WWCategoryDescriptionCell.m; sourceTree = "<group>"; };
		F4CD4E3A1B30830F0081FE0B /* WWCategoryDescriptionCell.xib */ = {isa = PBXFileReference; fileEncoding = 4; lastKnownFileType = file.xib; path = WWCategoryDescriptionCell.xib; sourceTree = "<group>"; };
		F4CD4E3B1B30830F0081FE0B /* WWCategoryMapCell.h */ = {isa = PBXFileReference; fileEncoding = 4; lastKnownFileType = sourcecode.c.h; path = WWCategoryMapCell.h; sourceTree = "<group>"; };
		F4CD4E3C1B30830F0081FE0B /* WWCategoryMapCell.m */ = {isa = PBXFileReference; fileEncoding = 4; lastKnownFileType = sourcecode.c.objc; path = WWCategoryMapCell.m; sourceTree = "<group>"; };
		F4CD4E3D1B30830F0081FE0B /* WWCategoryMapCell.xib */ = {isa = PBXFileReference; fileEncoding = 4; lastKnownFileType = file.xib; path = WWCategoryMapCell.xib; sourceTree = "<group>"; };
		F4CD4E3E1B30830F0081FE0B /* WWCategoryListingCell.h */ = {isa = PBXFileReference; fileEncoding = 4; lastKnownFileType = sourcecode.c.h; path = WWCategoryListingCell.h; sourceTree = "<group>"; };
		F4CD4E3F1B30830F0081FE0B /* WWCategoryListingCell.m */ = {isa = PBXFileReference; fileEncoding = 4; lastKnownFileType = sourcecode.c.objc; path = WWCategoryListingCell.m; sourceTree = "<group>"; };
		F4CD4E401B30830F0081FE0B /* WWCategoryListingCell.xib */ = {isa = PBXFileReference; fileEncoding = 4; lastKnownFileType = file.xib; path = WWCategoryListingCell.xib; sourceTree = "<group>"; };
		F4CD4E4B1B3084D30081FE0B /* WWDetailScreen.h */ = {isa = PBXFileReference; fileEncoding = 4; lastKnownFileType = sourcecode.c.h; path = WWDetailScreen.h; sourceTree = "<group>"; };
		F4CD4E4C1B3084D30081FE0B /* WWDetailScreen.m */ = {isa = PBXFileReference; fileEncoding = 4; lastKnownFileType = sourcecode.c.objc; path = WWDetailScreen.m; sourceTree = "<group>"; };
		F4CD4E4D1B3084D30081FE0B /* WWDetailScreen.xib */ = {isa = PBXFileReference; fileEncoding = 4; lastKnownFileType = file.xib; path = WWDetailScreen.xib; sourceTree = "<group>"; };
		F4CD4E501B308E150081FE0B /* MapKit.framework */ = {isa = PBXFileReference; lastKnownFileType = wrapper.framework; name = MapKit.framework; path = System/Library/Frameworks/MapKit.framework; sourceTree = SDKROOT; };
		F4CD4E521B309D020081FE0B /* WWMessageList.h */ = {isa = PBXFileReference; fileEncoding = 4; lastKnownFileType = sourcecode.c.h; path = WWMessageList.h; sourceTree = "<group>"; };
		F4CD4E531B309D020081FE0B /* WWMessageList.m */ = {isa = PBXFileReference; fileEncoding = 4; lastKnownFileType = sourcecode.c.objc; path = WWMessageList.m; sourceTree = "<group>"; };
		F4CD4E541B309D020081FE0B /* WWMessageList.xib */ = {isa = PBXFileReference; fileEncoding = 4; lastKnownFileType = file.xib; path = WWMessageList.xib; sourceTree = "<group>"; };
		F4CD4E551B309D020081FE0B /* WWPrivateMessage.h */ = {isa = PBXFileReference; fileEncoding = 4; lastKnownFileType = sourcecode.c.h; path = WWPrivateMessage.h; sourceTree = "<group>"; };
		F4CD4E561B309D020081FE0B /* WWPrivateMessage.m */ = {isa = PBXFileReference; fileEncoding = 4; lastKnownFileType = sourcecode.c.objc; path = WWPrivateMessage.m; sourceTree = "<group>"; };
		F4CD4E571B309D020081FE0B /* WWPrivateMessage.xib */ = {isa = PBXFileReference; fileEncoding = 4; lastKnownFileType = file.xib; path = WWPrivateMessage.xib; sourceTree = "<group>"; };
		F4CD4E5C1B309D990081FE0B /* MessageListCell.h */ = {isa = PBXFileReference; fileEncoding = 4; lastKnownFileType = sourcecode.c.h; path = MessageListCell.h; sourceTree = "<group>"; };
		F4CD4E5D1B309D990081FE0B /* MessageListCell.m */ = {isa = PBXFileReference; fileEncoding = 4; lastKnownFileType = sourcecode.c.objc; path = MessageListCell.m; sourceTree = "<group>"; };
		F4CD4E5E1B309D990081FE0B /* MessageListCell.xib */ = {isa = PBXFileReference; fileEncoding = 4; lastKnownFileType = file.xib; path = MessageListCell.xib; sourceTree = "<group>"; };
		F4CD4E5F1B309D990081FE0B /* SenderMsgCell.h */ = {isa = PBXFileReference; fileEncoding = 4; lastKnownFileType = sourcecode.c.h; path = SenderMsgCell.h; sourceTree = "<group>"; };
		F4CD4E601B309D990081FE0B /* SenderMsgCell.m */ = {isa = PBXFileReference; fileEncoding = 4; lastKnownFileType = sourcecode.c.objc; path = SenderMsgCell.m; sourceTree = "<group>"; };
		F4CD4E611B309D990081FE0B /* SenderMsgCell.xib */ = {isa = PBXFileReference; fileEncoding = 4; lastKnownFileType = file.xib; path = SenderMsgCell.xib; sourceTree = "<group>"; };
		F4CD4E621B309D990081FE0B /* ReceiverMsgCell.h */ = {isa = PBXFileReference; fileEncoding = 4; lastKnownFileType = sourcecode.c.h; path = ReceiverMsgCell.h; sourceTree = "<group>"; };
		F4CD4E631B309D990081FE0B /* ReceiverMsgCell.m */ = {isa = PBXFileReference; fileEncoding = 4; lastKnownFileType = sourcecode.c.objc; path = ReceiverMsgCell.m; sourceTree = "<group>"; };
		F4CD4E641B309D990081FE0B /* ReceiverMsgCell.xib */ = {isa = PBXFileReference; fileEncoding = 4; lastKnownFileType = file.xib; path = ReceiverMsgCell.xib; sourceTree = "<group>"; };
		F4CFD7D41B1B02C500D53E56 /* WWForgotPassword.h */ = {isa = PBXFileReference; fileEncoding = 4; lastKnownFileType = sourcecode.c.h; path = WWForgotPassword.h; sourceTree = "<group>"; };
		F4CFD7D51B1B02C500D53E56 /* WWForgotPassword.m */ = {isa = PBXFileReference; fileEncoding = 4; lastKnownFileType = sourcecode.c.objc; path = WWForgotPassword.m; sourceTree = "<group>"; };
		F4CFD7D61B1B02C500D53E56 /* WWForgotPassword.xib */ = {isa = PBXFileReference; fileEncoding = 4; lastKnownFileType = file.xib; path = WWForgotPassword.xib; sourceTree = "<group>"; };
		F4CFD7E91B1B6F8A00D53E56 /* FacebookManager.h */ = {isa = PBXFileReference; fileEncoding = 4; lastKnownFileType = sourcecode.c.h; path = FacebookManager.h; sourceTree = "<group>"; };
		F4CFD7EA1B1B6F8A00D53E56 /* FacebookManager.m */ = {isa = PBXFileReference; fileEncoding = 4; lastKnownFileType = sourcecode.c.objc; path = FacebookManager.m; sourceTree = "<group>"; };
		F4CFFA251B45A9430065D5D6 /* CFNetwork.framework */ = {isa = PBXFileReference; lastKnownFileType = wrapper.framework; name = CFNetwork.framework; path = System/Library/Frameworks/CFNetwork.framework; sourceTree = SDKROOT; };
		F4CFFA271B45AF4E0065D5D6 /* WWWebService.h */ = {isa = PBXFileReference; fileEncoding = 4; lastKnownFileType = sourcecode.c.h; path = WWWebService.h; sourceTree = "<group>"; };
		F4CFFA281B45AF4E0065D5D6 /* WWWebService.m */ = {isa = PBXFileReference; fileEncoding = 4; lastKnownFileType = sourcecode.c.objc; path = WWWebService.m; sourceTree = "<group>"; };
		F4CFFA2A1B45B1470065D5D6 /* WWRegistrationVC~ipad.xib */ = {isa = PBXFileReference; fileEncoding = 4; lastKnownFileType = file.xib; path = "WWRegistrationVC~ipad.xib"; sourceTree = "<group>"; };
		F4CFFA2C1B45B1580065D5D6 /* WWDashboardVC~ipad.xib */ = {isa = PBXFileReference; fileEncoding = 4; lastKnownFileType = file.xib; path = "WWDashboardVC~ipad.xib"; sourceTree = "<group>"; };
		F4CFFA2E1B45B15D0065D5D6 /* WWLoginVC~ipad.xib */ = {isa = PBXFileReference; fileEncoding = 4; lastKnownFileType = file.xib; path = "WWLoginVC~ipad.xib"; sourceTree = "<group>"; };
		F4CFFA301B45B1850065D5D6 /* WWForgotPassword~ipad.xib */ = {isa = PBXFileReference; fileEncoding = 4; lastKnownFileType = file.xib; path = "WWForgotPassword~ipad.xib"; sourceTree = "<group>"; };
		F4D08A581B20CDB300AF8E36 /* DSLCalendarView.h */ = {isa = PBXFileReference; fileEncoding = 4; lastKnownFileType = sourcecode.c.h; path = DSLCalendarView.h; sourceTree = "<group>"; };
		F4D08A591B20CDB300AF8E36 /* DSLCalendarView.m */ = {isa = PBXFileReference; fileEncoding = 4; lastKnownFileType = sourcecode.c.objc; path = DSLCalendarView.m; sourceTree = "<group>"; };
		F4D08A5A1B20CDB300AF8E36 /* DSLCalendarMonthSelectorView.h */ = {isa = PBXFileReference; fileEncoding = 4; lastKnownFileType = sourcecode.c.h; path = DSLCalendarMonthSelectorView.h; sourceTree = "<group>"; };
		F4D08A5B1B20CDB300AF8E36 /* DSLCalendarMonthSelectorView.m */ = {isa = PBXFileReference; fileEncoding = 4; lastKnownFileType = sourcecode.c.objc; path = DSLCalendarMonthSelectorView.m; sourceTree = "<group>"; };
		F4D08A5C1B20CDB300AF8E36 /* DSLCalendarMonthSelectorView.xib */ = {isa = PBXFileReference; fileEncoding = 4; lastKnownFileType = file.xib; path = DSLCalendarMonthSelectorView.xib; sourceTree = "<group>"; };
		F4D08A5D1B20CDB300AF8E36 /* DSLCalendarMonthView.h */ = {isa = PBXFileReference; fileEncoding = 4; lastKnownFileType = sourcecode.c.h; path = DSLCalendarMonthView.h; sourceTree = "<group>"; };
		F4D08A5E1B20CDB300AF8E36 /* DSLCalendarMonthView.m */ = {isa = PBXFileReference; fileEncoding = 4; lastKnownFileType = sourcecode.c.objc; path = DSLCalendarMonthView.m; sourceTree = "<group>"; };
		F4D08A5F1B20CDB300AF8E36 /* DSLCalendarDayView.h */ = {isa = PBXFileReference; fileEncoding = 4; lastKnownFileType = sourcecode.c.h; path = DSLCalendarDayView.h; sourceTree = "<group>"; };
		F4D08A601B20CDB300AF8E36 /* DSLCalendarDayView.m */ = {isa = PBXFileReference; fileEncoding = 4; lastKnownFileType = sourcecode.c.objc; path = DSLCalendarDayView.m; sourceTree = "<group>"; };
		F4D08A611B20CDB300AF8E36 /* DSLCalendarRange.h */ = {isa = PBXFileReference; fileEncoding = 4; lastKnownFileType = sourcecode.c.h; path = DSLCalendarRange.h; sourceTree = "<group>"; };
		F4D08A621B20CDB300AF8E36 /* DSLCalendarRange.m */ = {isa = PBXFileReference; fileEncoding = 4; lastKnownFileType = sourcecode.c.objc; path = DSLCalendarRange.m; sourceTree = "<group>"; };
		F4D08A631B20CDB300AF8E36 /* DSLCalendarDayCalloutView.h */ = {isa = PBXFileReference; fileEncoding = 4; lastKnownFileType = sourcecode.c.h; path = DSLCalendarDayCalloutView.h; sourceTree = "<group>"; };
		F4D08A641B20CDB300AF8E36 /* DSLCalendarDayCalloutView.m */ = {isa = PBXFileReference; fileEncoding = 4; lastKnownFileType = sourcecode.c.objc; path = DSLCalendarDayCalloutView.m; sourceTree = "<group>"; };
		F4D08A651B20CDB300AF8E36 /* DSLCalendarDayCalloutView.xib */ = {isa = PBXFileReference; fileEncoding = 4; lastKnownFileType = file.xib; path = DSLCalendarDayCalloutView.xib; sourceTree = "<group>"; };
		F4D08A661B20CDB300AF8E36 /* NSDate+DSLCalendarView.h */ = {isa = PBXFileReference; fileEncoding = 4; lastKnownFileType = sourcecode.c.h; path = "NSDate+DSLCalendarView.h"; sourceTree = "<group>"; };
		F4D08A671B20CDB300AF8E36 /* NSDate+DSLCalendarView.m */ = {isa = PBXFileReference; fileEncoding = 4; lastKnownFileType = sourcecode.c.objc; path = "NSDate+DSLCalendarView.m"; sourceTree = "<group>"; };
		F4D08A771B20D3BF00AF8E36 /* slicingbg.png */ = {isa = PBXFileReference; lastKnownFileType = image.png; path = slicingbg.png; sourceTree = "<group>"; };
		F4D50E031B5AB04300491A93 /* GoogleOpenSource.framework */ = {isa = PBXFileReference; lastKnownFileType = wrapper.framework; path = GoogleOpenSource.framework; sourceTree = "<group>"; };
		F4D50E041B5AB04300491A93 /* GooglePlus.bundle */ = {isa = PBXFileReference; lastKnownFileType = "wrapper.plug-in"; path = GooglePlus.bundle; sourceTree = "<group>"; };
		F4D50E051B5AB04300491A93 /* GooglePlus.framework */ = {isa = PBXFileReference; lastKnownFileType = wrapper.framework; path = GooglePlus.framework; sourceTree = "<group>"; };
/* End PBXFileReference section */

/* Begin PBXFrameworksBuildPhase section */
		F47047351B011AE700FEFEFF /* Frameworks */ = {
			isa = PBXFrameworksBuildPhase;
			buildActionMask = 2147483647;
			files = (
				F4CFFA261B45A9430065D5D6 /* CFNetwork.framework in Frameworks */,
				C59CF1941B5AACDD0018248E /* FBSDKCoreKit.framework in Frameworks */,
				F4D50E061B5AB04300491A93 /* GoogleOpenSource.framework in Frameworks */,
				C59CF1961B5AACDE0018248E /* FBSDKMessengerShareKit.framework in Frameworks */,
				C59CF1951B5AACDE0018248E /* FBSDKLoginKit.framework in Frameworks */,
				F4D50E081B5AB04300491A93 /* GooglePlus.framework in Frameworks */,
				F4CD4E511B308E150081FE0B /* MapKit.framework in Frameworks */,
				C59CF1971B5AACDE0018248E /* FBSDKShareKit.framework in Frameworks */,
				F4BC31BE1B179BC400BF5BB2 /* UIKit.framework in Frameworks */,
				F4BC31BC1B179BBC00BF5BB2 /* SystemConfiguration.framework in Frameworks */,
				F4BC31BA1B179BA500BF5BB2 /* Security.framework in Frameworks */,
				F4BC31B81B179B9E00BF5BB2 /* MediaPlayer.framework in Frameworks */,
				F4BC31B61B179B9500BF5BB2 /* CoreText.framework in Frameworks */,
				F4BC31B41B179B8E00BF5BB2 /* CoreGraphics.framework in Frameworks */,
				F4BC31B21B179B8000BF5BB2 /* CoreMotion.framework in Frameworks */,
				F4BC31B01B179B7700BF5BB2 /* CoreLocation.framework in Frameworks */,
				F4BC31AE1B179B6F00BF5BB2 /* Foundation.framework in Frameworks */,
				F4BC31AC1B179B6600BF5BB2 /* AssetsLibrary.framework in Frameworks */,
				F4BC31AA1B179B5C00BF5BB2 /* AddressBook.framework in Frameworks */,
				DAC41D564FCD8A8345D36778 /* libPods-WeddingWise.a in Frameworks */,
			);
			runOnlyForDeploymentPostprocessing = 0;
		};
		F47047511B011AE700FEFEFF /* Frameworks */ = {
			isa = PBXFrameworksBuildPhase;
			buildActionMask = 2147483647;
			files = (
			);
			runOnlyForDeploymentPostprocessing = 0;
		};
/* End PBXFrameworksBuildPhase section */

/* Begin PBXGroup section */
		12B9A8D4CCA5E1AE07D80490 /* Frameworks */ = {
			isa = PBXGroup;
			children = (
				F4CFFA251B45A9430065D5D6 /* CFNetwork.framework */,
				F35EDC96DE2AB293288A448C /* libPods-WeddingWise.a */,
			);
			name = Frameworks;
			sourceTree = "<group>";
		};
		60D0866D1B31445400BCD2BE /* Bid */ = {
			isa = PBXGroup;
			children = (
				60C763121B53D20900387B54 /* WWVendorDetailData.h */,
				60C763131B53D20900387B54 /* WWVendorDetailData.m */,
				60C762F81B53D19900387B54 /* WWLeadsListVC.h */,
				60C762F91B53D19900387B54 /* WWLeadsListVC.m */,
				60C762FA1B53D19900387B54 /* WWLeadsListVC.xib */,
				60C762FB1B53D19900387B54 /* WWCreateBidVC.h */,
				60C762FC1B53D19900387B54 /* WWCreateBidVC.m */,
				60C762FD1B53D19900387B54 /* WWCreateBidVC.xib */,
				60C762FE1B53D19900387B54 /* WWInquiryDetailVC.h */,
				60C762FF1B53D19900387B54 /* WWInquiryDetailVC.m */,
				60C763001B53D19900387B54 /* WWInquiryDetailVC.xib */,
				60C763011B53D19900387B54 /* WWInquiryCell.h */,
				60C763021B53D19900387B54 /* WWInquiryCell.m */,
				60C763031B53D19900387B54 /* WWInquiryCell.xib */,
				60C763041B53D19900387B54 /* WWBidListCell.h */,
				60C763051B53D19900387B54 /* WWBidListCell.m */,
				60C763061B53D19900387B54 /* WWBidListCell.xib */,
			);
			name = Bid;
			sourceTree = "<group>";
		};
		68941B3620E7F47B41F4CE16 /* Pods */ = {
			isa = PBXGroup;
			children = (
				B7F75524AF798B2E38C82249 /* Pods-WeddingWise.debug.xcconfig */,
				BCA744BDD1EACD68F038680E /* Pods-WeddingWise.release.xcconfig */,
			);
			name = Pods;
			sourceTree = "<group>";
		};
		F4609B601B0BBA4D00BCCCB8 /* Login */ = {
			isa = PBXGroup;
			children = (
				F4609B621B0BBA8100BCCCB8 /* WWDashboardVC.h */,
				F4609B631B0BBA8100BCCCB8 /* WWDashboardVC.m */,
				F4609B641B0BBA8100BCCCB8 /* WWDashboardVC.xib */,
				F4CFFA2C1B45B1580065D5D6 /* WWDashboardVC~ipad.xib */,
				F4609B741B0BC4D500BCCCB8 /* WWLoginVC.h */,
				F4609B751B0BC4D500BCCCB8 /* WWLoginVC.m */,
				F4609B761B0BC4D500BCCCB8 /* WWLoginVC.xib */,
				F4CFFA2E1B45B15D0065D5D6 /* WWLoginVC~ipad.xib */,
			);
			name = Login;
			sourceTree = "<group>";
		};
		F4609B611B0BBA5700BCCCB8 /* Registration */ = {
			isa = PBXGroup;
			children = (
				F4609B6F1B0BC4B800BCCCB8 /* WWRegistrationVC.h */,
				F4609B701B0BC4B800BCCCB8 /* WWRegistrationVC.m */,
				F4609B711B0BC4B800BCCCB8 /* WWRegistrationVC.xib */,
				F4CFFA2A1B45B1470065D5D6 /* WWRegistrationVC~ipad.xib */,
			);
			name = Registration;
			sourceTree = "<group>";
		};
		F470472F1B011AE700FEFEFF = {
			isa = PBXGroup;
			children = (
				F470473A1B011AE700FEFEFF /* WeddingWise */,
				F47047571B011AE700FEFEFF /* WeddingWiseTests */,
				F47047391B011AE700FEFEFF /* Products */,
				68941B3620E7F47B41F4CE16 /* Pods */,
				12B9A8D4CCA5E1AE07D80490 /* Frameworks */,
			);
			sourceTree = "<group>";
		};
		F47047391B011AE700FEFEFF /* Products */ = {
			isa = PBXGroup;
			children = (
				F47047381B011AE700FEFEFF /* WeddingWise.app */,
				F47047541B011AE700FEFEFF /* WeddingWiseTests.xctest */,
			);
			name = Products;
			sourceTree = "<group>";
		};
		F470473A1B011AE700FEFEFF /* WeddingWise */ = {
			isa = PBXGroup;
			children = (
				F4CBDB281B52FCE0000DB347 /* Model */,
				F4CFFA321B45BAF20065D5D6 /* Facebook */,
				F4CFFA211B4325900065D5D6 /* WebService */,
				F4BC31A41B1794CA00BF5BB2 /* FrameWorks */,
				F47047B81B027FAB00FEFEFF /* Controllers */,
				F47047B61B01274000FEFEFF /* View */,
				F470477A1B0123BC00FEFEFF /* TabBarController */,
				F47047671B011F2400FEFEFF /* AppDelegate */,
				F470474B1B011AE700FEFEFF /* Images.xcassets */,
				F470474D1B011AE700FEFEFF /* LaunchScreen.xib */,
				F47047421B011AE700FEFEFF /* WeddingWise.xcdatamodeld */,
				F470473B1B011AE700FEFEFF /* Supporting Files */,
			);
			path = WeddingWise;
			sourceTree = "<group>";
		};
		F470473B1B011AE700FEFEFF /* Supporting Files */ = {
			isa = PBXGroup;
			children = (
				F4CCA5521B48593800F33FDA /* gotham-book.ttf */,
				F45332CD1B4B03DE00C09482 /* GothamRoundedBook.ttf */,
				F470473C1B011AE700FEFEFF /* Info.plist */,
				F470473D1B011AE700FEFEFF /* main.m */,
				F4BCBA9A1B1F961800082A73 /* WeddingWise.pch */,
			);
			name = "Supporting Files";
			sourceTree = "<group>";
		};
		F47047571B011AE700FEFEFF /* WeddingWiseTests */ = {
			isa = PBXGroup;
			children = (
				F470475A1B011AE700FEFEFF /* WeddingWiseTests.m */,
				F47047581B011AE700FEFEFF /* Supporting Files */,
			);
			path = WeddingWiseTests;
			sourceTree = "<group>";
		};
		F47047581B011AE700FEFEFF /* Supporting Files */ = {
			isa = PBXGroup;
			children = (
				F47047591B011AE700FEFEFF /* Info.plist */,
			);
			name = "Supporting Files";
			sourceTree = "<group>";
		};
		F47047661B011F1500FEFEFF /* MyKnot */ = {
			isa = PBXGroup;
			children = (
				F4CD4E311B3083060081FE0B /* Views */,
				F47047451B011AE700FEFEFF /* MyKnotList.h */,
				F47047461B011AE700FEFEFF /* MyKnotList.m */,
				F47047641B011DDC00FEFEFF /* MyKnotList.xib */,
				F4CD4E4B1B3084D30081FE0B /* WWDetailScreen.h */,
				F4CD4E4C1B3084D30081FE0B /* WWDetailScreen.m */,
				F4CD4E4D1B3084D30081FE0B /* WWDetailScreen.xib */,
				F4CD4E2C1B3082F20081FE0B /* WWCategoryDetailVC.h */,
				F4CD4E2D1B3082F20081FE0B /* WWCategoryDetailVC.m */,
				F4CD4E2E1B3082F20081FE0B /* WWCategoryDetailVC.xib */,
				F4C2B15D1B4D70FF000639BC /* WWCategoryListCell.h */,
				F4C2B15E1B4D70FF000639BC /* WWCategoryListCell.m */,
				F4C2B15F1B4D70FF000639BC /* WWCategoryListCell.xib */,
				F4C2B1621B4D7348000639BC /* WWCategoryCommonCell.h */,
				F4C2B1631B4D7348000639BC /* WWCategoryCommonCell.m */,
				F4C2B1641B4D7348000639BC /* WWCategoryCommonCell.xib */,
				F4CBDB4B1B544998000DB347 /* WWCategoryFooterCell.h */,
				F4CC6D0F1B59A66E005237F5 /* wwCategoryFooterCell.m */,
				F4CBDB4D1B544998000DB347 /* WWCategoryFooterCell.xib */,
				F4C2B1671B4D7A29000639BC /* WWCommonData.h */,
				F4C2B1681B4D7A29000639BC /* WWCommonData.m */,
			);
			name = MyKnot;
			sourceTree = "<group>";
		};
		F47047671B011F2400FEFEFF /* AppDelegate */ = {
			isa = PBXGroup;
			children = (
				F470473F1B011AE700FEFEFF /* AppDelegate.h */,
				F47047401B011AE700FEFEFF /* AppDelegate.m */,
			);
			name = AppDelegate;
			sourceTree = "<group>";
		};
		F470477A1B0123BC00FEFEFF /* TabBarController */ = {
			isa = PBXGroup;
			children = (
				F470477B1B0123F600FEFEFF /* RDVTabBarController.h */,
				F470477C1B0123F600FEFEFF /* RDVTabBarController.m */,
				F470477D1B0123F600FEFEFF /* RDVTabBarItem.h */,
				F470477E1B0123F600FEFEFF /* RDVTabBarItem.m */,
				F470477F1B0123F600FEFEFF /* RDVTabBar.h */,
				F47047801B0123F600FEFEFF /* RDVTabBar.m */,
			);
			name = TabBarController;
			sourceTree = "<group>";
		};
		F47047B61B01274000FEFEFF /* View */ = {
			isa = PBXGroup;
			children = (
				F47047B71B01274900FEFEFF /* MyKnotCell */,
			);
			name = View;
			sourceTree = "<group>";
		};
		F47047B71B01274900FEFEFF /* MyKnotCell */ = {
			isa = PBXGroup;
			children = (
				F47047B11B01273100FEFEFF /* myKnotCell.h */,
				F47047B21B01273100FEFEFF /* myKnotCell.m */,
				F47047B31B01273100FEFEFF /* myKnotCell.xib */,
			);
			name = MyKnotCell;
			sourceTree = "<group>";
		};
		F47047B81B027FAB00FEFEFF /* Controllers */ = {
			isa = PBXGroup;
			children = (
				F4CB16EF1B3770350078419A /* YouTube */,
				F4CB16A41B35AB160078419A /* Schedule */,
				60D0866D1B31445400BCD2BE /* Bid */,
				F4D08A8E1B221A2000AF8E36 /* Message */,
				F4D08A3C1B20CB1700AF8E36 /* Calendar */,
				F4CFD7D31B1B027500D53E56 /* ForgotPassword */,
				F4C7D85F1B0D031B00D69912 /* TextFieldCategory */,
				F4C7D8581B0CFE9F00D69912 /* Config */,
				F4609B611B0BBA5700BCCCB8 /* Registration */,
				F4609B601B0BBA4D00BCCCB8 /* Login */,
				F47047661B011F1500FEFEFF /* MyKnot */,
			);
			name = Controllers;
			sourceTree = "<group>";
		};
		F4BC31A41B1794CA00BF5BB2 /* FrameWorks */ = {
			isa = PBXGroup;
			children = (
				F4D50E031B5AB04300491A93 /* GoogleOpenSource.framework */,
				F4D50E041B5AB04300491A93 /* GooglePlus.bundle */,
				F4D50E051B5AB04300491A93 /* GooglePlus.framework */,
				C59CF1901B5AACDD0018248E /* FBSDKCoreKit.framework */,
				C59CF1911B5AACDD0018248E /* FBSDKLoginKit.framework */,
				C59CF1921B5AACDD0018248E /* FBSDKMessengerShareKit.framework */,
				C59CF1931B5AACDD0018248E /* FBSDKShareKit.framework */,
				F4CD4E501B308E150081FE0B /* MapKit.framework */,
				F4BC31BD1B179BC400BF5BB2 /* UIKit.framework */,
				F4BC31BB1B179BBC00BF5BB2 /* SystemConfiguration.framework */,
				F4BC31B91B179BA500BF5BB2 /* Security.framework */,
				F4BC31B71B179B9E00BF5BB2 /* MediaPlayer.framework */,
				F4BC31B51B179B9500BF5BB2 /* CoreText.framework */,
				F4BC31B31B179B8E00BF5BB2 /* CoreGraphics.framework */,
				F4BC31B11B179B8000BF5BB2 /* CoreMotion.framework */,
				F4BC31AF1B179B7700BF5BB2 /* CoreLocation.framework */,
				F4BC31AD1B179B6F00BF5BB2 /* Foundation.framework */,
				F4BC31AB1B179B6600BF5BB2 /* AssetsLibrary.framework */,
				F4BC31A91B179B5C00BF5BB2 /* AddressBook.framework */,
			);
			name = FrameWorks;
			sourceTree = "<group>";
		};
		F4C7D8581B0CFE9F00D69912 /* Config */ = {
			isa = PBXGroup;
			children = (
				F4C7D8591B0CFED400D69912 /* WWCommon.h */,
				F4C7D85A1B0CFED400D69912 /* WWCommon.m */,
			);
			name = Config;
			sourceTree = "<group>";
		};
		F4C7D85F1B0D031B00D69912 /* TextFieldCategory */ = {
			isa = PBXGroup;
			children = (
				F4C7D85C1B0D031500D69912 /* UITextField+ADTextField.h */,
				F4C7D85D1B0D031500D69912 /* UITextField+ADTextField.m */,
			);
			name = TextFieldCategory;
			sourceTree = "<group>";
		};
		F4CB16A41B35AB160078419A /* Schedule */ = {
			isa = PBXGroup;
			children = (
				F4CB16A51B35AB310078419A /* WWScheduleVC.h */,
				F4CB16A61B35AB310078419A /* WWScheduleVC.m */,
				F4CB16A71B35AB310078419A /* WWScheduleVC.xib */,
			);
			name = Schedule;
			sourceTree = "<group>";
		};
		F4CB16EF1B3770350078419A /* YouTube */ = {
			isa = PBXGroup;
			children = (
				F4CB16F71B3898CA0078419A /* YTPlayerView-iframe-player.html */,
				F4CB16F01B3770420078419A /* YTPlayerView.h */,
				F4CB16F11B3770420078419A /* YTPlayerView.m */,
			);
			name = YouTube;
			sourceTree = "<group>";
		};
		F4CBDB281B52FCE0000DB347 /* Model */ = {
			isa = PBXGroup;
			children = (
				F4CBDB291B52FD15000DB347 /* WWLoginUserData.h */,
				F4CBDB2A1B52FD15000DB347 /* WWLoginUserData.m */,
			);
			name = Model;
			sourceTree = "<group>";
		};
		F4CD4E311B3083060081FE0B /* Views */ = {
			isa = PBXGroup;
			children = (
				F4CD4E271B3082310081FE0B /* WWCategoryCell.h */,
				F4CD4E281B3082310081FE0B /* WWCategoryCell.m */,
				F4CD4E291B3082310081FE0B /* WWCategoryCell.xib */,
				F4CD4E321B30830F0081FE0B /* WWCategoryTitleCell.h */,
				F4CD4E331B30830F0081FE0B /* WWCategoryTitleCell.m */,
				F4CD4E341B30830F0081FE0B /* WWCategoryTitleCell.xib */,
				F4CD4E351B30830F0081FE0B /* WWCategoryImageCell.h */,
				F4CD4E361B30830F0081FE0B /* WWCategoryImageCell.m */,
				F4CD4E371B30830F0081FE0B /* WWCategoryImageCell.xib */,
				F4CD4E381B30830F0081FE0B /* WWCategoryDescriptionCell.h */,
				F4CD4E391B30830F0081FE0B /* WWCategoryDescriptionCell.m */,
				F4CD4E3A1B30830F0081FE0B /* WWCategoryDescriptionCell.xib */,
				F4CD4E3B1B30830F0081FE0B /* WWCategoryMapCell.h */,
				F4CD4E3C1B30830F0081FE0B /* WWCategoryMapCell.m */,
				C59CF19E1B5AD75D0018248E /* AnnotationPin.h */,
				C59CF19F1B5AD75D0018248E /* AnnotationPin.m */,
				F4CD4E3D1B30830F0081FE0B /* WWCategoryMapCell.xib */,
				F4CD4E3E1B30830F0081FE0B /* WWCategoryListingCell.h */,
				F4CD4E3F1B30830F0081FE0B /* WWCategoryListingCell.m */,
				F4CD4E401B30830F0081FE0B /* WWCategoryListingCell.xib */,
				F4CB16EA1B373EEC0078419A /* WWCategoryPackageCell.h */,
				F4CB16EB1B373EEC0078419A /* WWCategoryPackageCell.m */,
				F4CB16EC1B373EEC0078419A /* WWCategoryPackageCell.xib */,
			);
			name = Views;
			sourceTree = "<group>";
		};
		F4CFD7D31B1B027500D53E56 /* ForgotPassword */ = {
			isa = PBXGroup;
			children = (
				F4CFD7D41B1B02C500D53E56 /* WWForgotPassword.h */,
				F4CFD7D51B1B02C500D53E56 /* WWForgotPassword.m */,
				F4CFD7D61B1B02C500D53E56 /* WWForgotPassword.xib */,
				F4CFFA301B45B1850065D5D6 /* WWForgotPassword~ipad.xib */,
			);
			name = ForgotPassword;
			sourceTree = "<group>";
		};
		F4CFFA211B4325900065D5D6 /* WebService */ = {
			isa = PBXGroup;
			children = (
				F4CFFA271B45AF4E0065D5D6 /* WWWebService.h */,
				F4CFFA281B45AF4E0065D5D6 /* WWWebService.m */,
			);
			name = WebService;
			sourceTree = "<group>";
		};
		F4CFFA321B45BAF20065D5D6 /* Facebook */ = {
			isa = PBXGroup;
			children = (
				F4CFD7E91B1B6F8A00D53E56 /* FacebookManager.h */,
				F4CFD7EA1B1B6F8A00D53E56 /* FacebookManager.m */,
			);
			name = Facebook;
			sourceTree = "<group>";
		};
		F4D08A3C1B20CB1700AF8E36 /* Calendar */ = {
			isa = PBXGroup;
			children = (
				F4D08A3D1B20CD5100AF8E36 /* Library */,
			);
			name = Calendar;
			sourceTree = "<group>";
		};
		F4D08A3D1B20CD5100AF8E36 /* Library */ = {
			isa = PBXGroup;
			children = (
				F4D08A761B20D33700AF8E36 /* Images */,
				F4D08A581B20CDB300AF8E36 /* DSLCalendarView.h */,
				F4D08A591B20CDB300AF8E36 /* DSLCalendarView.m */,
				F4D08A5A1B20CDB300AF8E36 /* DSLCalendarMonthSelectorView.h */,
				F4D08A5B1B20CDB300AF8E36 /* DSLCalendarMonthSelectorView.m */,
				F4D08A5C1B20CDB300AF8E36 /* DSLCalendarMonthSelectorView.xib */,
				F4D08A5D1B20CDB300AF8E36 /* DSLCalendarMonthView.h */,
				F4D08A5E1B20CDB300AF8E36 /* DSLCalendarMonthView.m */,
				F4D08A5F1B20CDB300AF8E36 /* DSLCalendarDayView.h */,
				F4D08A601B20CDB300AF8E36 /* DSLCalendarDayView.m */,
				F4D08A611B20CDB300AF8E36 /* DSLCalendarRange.h */,
				F4D08A621B20CDB300AF8E36 /* DSLCalendarRange.m */,
				F4D08A631B20CDB300AF8E36 /* DSLCalendarDayCalloutView.h */,
				F4D08A641B20CDB300AF8E36 /* DSLCalendarDayCalloutView.m */,
				F4D08A651B20CDB300AF8E36 /* DSLCalendarDayCalloutView.xib */,
				F4D08A661B20CDB300AF8E36 /* NSDate+DSLCalendarView.h */,
				F4D08A671B20CDB300AF8E36 /* NSDate+DSLCalendarView.m */,
			);
			name = Library;
			sourceTree = "<group>";
		};
		F4D08A761B20D33700AF8E36 /* Images */ = {
			isa = PBXGroup;
			children = (
				F4C680AB1B2475BE00C6ED57 /* slicingfooter.png */,
				F4D08A771B20D3BF00AF8E36 /* slicingbg.png */,
			);
			name = Images;
			sourceTree = "<group>";
		};
		F4D08A8E1B221A2000AF8E36 /* Message */ = {
			isa = PBXGroup;
			children = (
				F4CD4E521B309D020081FE0B /* WWMessageList.h */,
				F4CD4E531B309D020081FE0B /* WWMessageList.m */,
				F4CD4E541B309D020081FE0B /* WWMessageList.xib */,
				F4CD4E551B309D020081FE0B /* WWPrivateMessage.h */,
				F4CD4E561B309D020081FE0B /* WWPrivateMessage.m */,
				F4CD4E571B309D020081FE0B /* WWPrivateMessage.xib */,
				F4CD4E5C1B309D990081FE0B /* MessageListCell.h */,
				F4CD4E5D1B309D990081FE0B /* MessageListCell.m */,
				F4CD4E5E1B309D990081FE0B /* MessageListCell.xib */,
				F4CD4E5F1B309D990081FE0B /* SenderMsgCell.h */,
				F4CD4E601B309D990081FE0B /* SenderMsgCell.m */,
				F4CD4E611B309D990081FE0B /* SenderMsgCell.xib */,
				F4CD4E621B309D990081FE0B /* ReceiverMsgCell.h */,
				F4CD4E631B309D990081FE0B /* ReceiverMsgCell.m */,
				F4CD4E641B309D990081FE0B /* ReceiverMsgCell.xib */,
			);
			name = Message;
			sourceTree = "<group>";
		};
/* End PBXGroup section */

/* Begin PBXNativeTarget section */
		F47047371B011AE700FEFEFF /* WeddingWise */ = {
			isa = PBXNativeTarget;
			buildConfigurationList = F470475E1B011AE700FEFEFF /* Build configuration list for PBXNativeTarget "WeddingWise" */;
			buildPhases = (
				7304F4016CB409EB7CB868C2 /* Check Pods Manifest.lock */,
				F47047341B011AE700FEFEFF /* Sources */,
				F47047351B011AE700FEFEFF /* Frameworks */,
				F47047361B011AE700FEFEFF /* Resources */,
				8ADDB0A4566759B0ABD55A23 /* Copy Pods Resources */,
			);
			buildRules = (
			);
			dependencies = (
			);
			name = WeddingWise;
			productName = WeddingWise;
			productReference = F47047381B011AE700FEFEFF /* WeddingWise.app */;
			productType = "com.apple.product-type.application";
		};
		F47047531B011AE700FEFEFF /* WeddingWiseTests */ = {
			isa = PBXNativeTarget;
			buildConfigurationList = F47047611B011AE700FEFEFF /* Build configuration list for PBXNativeTarget "WeddingWiseTests" */;
			buildPhases = (
				F47047501B011AE700FEFEFF /* Sources */,
				F47047511B011AE700FEFEFF /* Frameworks */,
				F47047521B011AE700FEFEFF /* Resources */,
			);
			buildRules = (
			);
			dependencies = (
				F47047561B011AE700FEFEFF /* PBXTargetDependency */,
			);
			name = WeddingWiseTests;
			productName = WeddingWiseTests;
			productReference = F47047541B011AE700FEFEFF /* WeddingWiseTests.xctest */;
			productType = "com.apple.product-type.bundle.unit-test";
		};
/* End PBXNativeTarget section */

/* Begin PBXProject section */
		F47047301B011AE700FEFEFF /* Project object */ = {
			isa = PBXProject;
			attributes = {
				LastUpgradeCheck = 0620;
				ORGANIZATIONNAME = DS;
				TargetAttributes = {
					F47047371B011AE700FEFEFF = {
						CreatedOnToolsVersion = 6.2;
						DevelopmentTeam = FN8MAGHD8X;
					};
					F47047531B011AE700FEFEFF = {
						CreatedOnToolsVersion = 6.2;
						TestTargetID = F47047371B011AE700FEFEFF;
					};
				};
			};
			buildConfigurationList = F47047331B011AE700FEFEFF /* Build configuration list for PBXProject "WeddingWise" */;
			compatibilityVersion = "Xcode 3.2";
			developmentRegion = English;
			hasScannedForEncodings = 0;
			knownRegions = (
				en,
				Base,
			);
			mainGroup = F470472F1B011AE700FEFEFF;
			productRefGroup = F47047391B011AE700FEFEFF /* Products */;
			projectDirPath = "";
			projectRoot = "";
			targets = (
				F47047371B011AE700FEFEFF /* WeddingWise */,
				F47047531B011AE700FEFEFF /* WeddingWiseTests */,
			);
		};
/* End PBXProject section */

/* Begin PBXResourcesBuildPhase section */
		F47047361B011AE700FEFEFF /* Resources */ = {
			isa = PBXResourcesBuildPhase;
			buildActionMask = 2147483647;
			files = (
				F4CD4E4F1B3084D30081FE0B /* WWDetailScreen.xib in Resources */,
				F4CD4E661B309D990081FE0B /* MessageListCell.xib in Resources */,
				F4CFFA2B1B45B1470065D5D6 /* WWRegistrationVC~ipad.xib in Resources */,
				F4CCA5531B48593800F33FDA /* gotham-book.ttf in Resources */,
				F4CD4E681B309D990081FE0B /* SenderMsgCell.xib in Resources */,
				F4609B781B0BC4D500BCCCB8 /* WWLoginVC.xib in Resources */,
				F4CBDB4F1B544998000DB347 /* WWCategoryFooterCell.xib in Resources */,
				F4D08A6A1B20CDB300AF8E36 /* DSLCalendarMonthSelectorView.xib in Resources */,
				F4C680AC1B2475BE00C6ED57 /* slicingfooter.png in Resources */,
				F4CB16A91B35AB310078419A /* WWScheduleVC.xib in Resources */,
				F4609B661B0BBA8100BCCCB8 /* WWDashboardVC.xib in Resources */,
				F4CFD7D81B1B02C500D53E56 /* WWForgotPassword.xib in Resources */,
				F4C2B1661B4D7348000639BC /* WWCategoryCommonCell.xib in Resources */,
				F47047B51B01273100FEFEFF /* myKnotCell.xib in Resources */,
				F4CD4E301B3082F20081FE0B /* WWCategoryDetailVC.xib in Resources */,
				F4CB16EE1B373EEC0078419A /* WWCategoryPackageCell.xib in Resources */,
				60C763111B53D19900387B54 /* WWBidListCell.xib in Resources */,
				F4CD4E481B30830F0081FE0B /* WWCategoryMapCell.xib in Resources */,
				F45332CE1B4B03DE00C09482 /* GothamRoundedBook.ttf in Resources */,
				60C7630F1B53D19900387B54 /* WWInquiryCell.xib in Resources */,
				F4CD4E591B309D020081FE0B /* WWMessageList.xib in Resources */,
				F4CB16F81B3898CA0078419A /* YTPlayerView-iframe-player.html in Resources */,
				60C763091B53D19900387B54 /* WWLeadsListVC.xib in Resources */,
				F4CFFA311B45B1850065D5D6 /* WWForgotPassword~ipad.xib in Resources */,
				F4CD4E5B1B309D020081FE0B /* WWPrivateMessage.xib in Resources */,
				F4D08A6F1B20CDB300AF8E36 /* DSLCalendarDayCalloutView.xib in Resources */,
				F470474F1B011AE700FEFEFF /* LaunchScreen.xib in Resources */,
				F47047651B011DDC00FEFEFF /* MyKnotList.xib in Resources */,
				F4CFFA2D1B45B1580065D5D6 /* WWDashboardVC~ipad.xib in Resources */,
				F4CFFA2F1B45B15D0065D5D6 /* WWLoginVC~ipad.xib in Resources */,
				F4CD4E6A1B309D990081FE0B /* ReceiverMsgCell.xib in Resources */,
				F4609B731B0BC4B800BCCCB8 /* WWRegistrationVC.xib in Resources */,
				F4C2B1611B4D70FF000639BC /* WWCategoryListCell.xib in Resources */,
				F4D08A781B20D3BF00AF8E36 /* slicingbg.png in Resources */,
				F4CD4E2B1B3082310081FE0B /* WWCategoryCell.xib in Resources */,
				F4CD4E4A1B30830F0081FE0B /* WWCategoryListingCell.xib in Resources */,
				60C7630D1B53D19900387B54 /* WWInquiryDetailVC.xib in Resources */,
				F4CD4E441B30830F0081FE0B /* WWCategoryImageCell.xib in Resources */,
				60C7630B1B53D19900387B54 /* WWCreateBidVC.xib in Resources */,
				F4CD4E421B30830F0081FE0B /* WWCategoryTitleCell.xib in Resources */,
				F4CD4E461B30830F0081FE0B /* WWCategoryDescriptionCell.xib in Resources */,
				F470474C1B011AE700FEFEFF /* Images.xcassets in Resources */,
				F4D50E071B5AB04300491A93 /* GooglePlus.bundle in Resources */,
			);
			runOnlyForDeploymentPostprocessing = 0;
		};
		F47047521B011AE700FEFEFF /* Resources */ = {
			isa = PBXResourcesBuildPhase;
			buildActionMask = 2147483647;
			files = (
			);
			runOnlyForDeploymentPostprocessing = 0;
		};
/* End PBXResourcesBuildPhase section */

/* Begin PBXShellScriptBuildPhase section */
		7304F4016CB409EB7CB868C2 /* Check Pods Manifest.lock */ = {
			isa = PBXShellScriptBuildPhase;
			buildActionMask = 2147483647;
			files = (
			);
			inputPaths = (
			);
			name = "Check Pods Manifest.lock";
			outputPaths = (
			);
			runOnlyForDeploymentPostprocessing = 0;
			shellPath = /bin/sh;
			shellScript = "diff \"${PODS_ROOT}/../Podfile.lock\" \"${PODS_ROOT}/Manifest.lock\" > /dev/null\nif [[ $? != 0 ]] ; then\n    cat << EOM\nerror: The sandbox is not in sync with the Podfile.lock. Run 'pod install' or update your CocoaPods installation.\nEOM\n    exit 1\nfi\n";
			showEnvVarsInLog = 0;
		};
		8ADDB0A4566759B0ABD55A23 /* Copy Pods Resources */ = {
			isa = PBXShellScriptBuildPhase;
			buildActionMask = 2147483647;
			files = (
			);
			inputPaths = (
			);
			name = "Copy Pods Resources";
			outputPaths = (
			);
			runOnlyForDeploymentPostprocessing = 0;
			shellPath = /bin/sh;
			shellScript = "\"${SRCROOT}/Pods/Target Support Files/Pods-WeddingWise/Pods-WeddingWise-resources.sh\"\n";
			showEnvVarsInLog = 0;
		};
/* End PBXShellScriptBuildPhase section */

/* Begin PBXSourcesBuildPhase section */
		F47047341B011AE700FEFEFF /* Sources */ = {
			isa = PBXSourcesBuildPhase;
			buildActionMask = 2147483647;
			files = (
				F4CB16ED1B373EEC0078419A /* WWCategoryPackageCell.m in Sources */,
				F4CB16A81B35AB310078419A /* WWScheduleVC.m in Sources */,
				F47047441B011AE700FEFEFF /* WeddingWise.xcdatamodeld in Sources */,
				F4D08A701B20CDB300AF8E36 /* NSDate+DSLCalendarView.m in Sources */,
				F4CD4E4E1B3084D30081FE0B /* WWDetailScreen.m in Sources */,
				F4CFFA291B45AF4E0065D5D6 /* WWWebService.m in Sources */,
				F4CB16F21B3770420078419A /* YTPlayerView.m in Sources */,
				F4C2B1691B4D7A29000639BC /* WWCommonData.m in Sources */,
				F47047B41B01273100FEFEFF /* myKnotCell.m in Sources */,
				60C7630E1B53D19900387B54 /* WWInquiryCell.m in Sources */,
				60C7630C1B53D19900387B54 /* WWInquiryDetailVC.m in Sources */,
				F4C2B1651B4D7348000639BC /* WWCategoryCommonCell.m in Sources */,
				F4C7D85E1B0D031500D69912 /* UITextField+ADTextField.m in Sources */,
				F4D08A691B20CDB300AF8E36 /* DSLCalendarMonthSelectorView.m in Sources */,
				60C763081B53D19900387B54 /* WWLeadsListVC.m in Sources */,
				C59CF1A01B5AD75D0018248E /* AnnotationPin.m in Sources */,
				F4CD4E671B309D990081FE0B /* SenderMsgCell.m in Sources */,
				F47047411B011AE700FEFEFF /* AppDelegate.m in Sources */,
				F47047821B0123F600FEFEFF /* RDVTabBarItem.m in Sources */,
				F47047471B011AE700FEFEFF /* MyKnotList.m in Sources */,
				F4D08A6C1B20CDB300AF8E36 /* DSLCalendarDayView.m in Sources */,
				F4CD4E651B309D990081FE0B /* MessageListCell.m in Sources */,
				60C763101B53D19900387B54 /* WWBidListCell.m in Sources */,
				F4CBDB2B1B52FD15000DB347 /* WWLoginUserData.m in Sources */,
				F4CFD7D71B1B02C500D53E56 /* WWForgotPassword.m in Sources */,
				F4CD4E491B30830F0081FE0B /* WWCategoryListingCell.m in Sources */,
				F47047811B0123F600FEFEFF /* RDVTabBarController.m in Sources */,
				F4CFD7EB1B1B6F8A00D53E56 /* FacebookManager.m in Sources */,
				F4CD4E2A1B3082310081FE0B /* WWCategoryCell.m in Sources */,
				60C763141B53D20900387B54 /* WWVendorDetailData.m in Sources */,
				F4CD4E451B30830F0081FE0B /* WWCategoryDescriptionCell.m in Sources */,
				F4CD4E411B30830F0081FE0B /* WWCategoryTitleCell.m in Sources */,
				F4D08A6B1B20CDB300AF8E36 /* DSLCalendarMonthView.m in Sources */,
				F4CC6D101B59A66F005237F5 /* wwCategoryFooterCell.m in Sources */,
				F4609B651B0BBA8100BCCCB8 /* WWDashboardVC.m in Sources */,
				F4CD4E691B309D990081FE0B /* ReceiverMsgCell.m in Sources */,
				F4CD4E471B30830F0081FE0B /* WWCategoryMapCell.m in Sources */,
				F4CD4E431B30830F0081FE0B /* WWCategoryImageCell.m in Sources */,
				F4CD4E581B309D020081FE0B /* WWMessageList.m in Sources */,
				F4CD4E5A1B309D020081FE0B /* WWPrivateMessage.m in Sources */,
				F4C7D85B1B0CFED400D69912 /* WWCommon.m in Sources */,
				F4609B721B0BC4B800BCCCB8 /* WWRegistrationVC.m in Sources */,
				F4C2B1601B4D70FF000639BC /* WWCategoryListCell.m in Sources */,
				F4609B771B0BC4D500BCCCB8 /* WWLoginVC.m in Sources */,
				F470473E1B011AE700FEFEFF /* main.m in Sources */,
				F4D08A681B20CDB300AF8E36 /* DSLCalendarView.m in Sources */,
				F4D08A6E1B20CDB300AF8E36 /* DSLCalendarDayCalloutView.m in Sources */,
				F47047831B0123F600FEFEFF /* RDVTabBar.m in Sources */,
				F4D08A6D1B20CDB300AF8E36 /* DSLCalendarRange.m in Sources */,
				F4CD4E2F1B3082F20081FE0B /* WWCategoryDetailVC.m in Sources */,
				60C7630A1B53D19900387B54 /* WWCreateBidVC.m in Sources */,
			);
			runOnlyForDeploymentPostprocessing = 0;
		};
		F47047501B011AE700FEFEFF /* Sources */ = {
			isa = PBXSourcesBuildPhase;
			buildActionMask = 2147483647;
			files = (
				F470475B1B011AE700FEFEFF /* WeddingWiseTests.m in Sources */,
			);
			runOnlyForDeploymentPostprocessing = 0;
		};
/* End PBXSourcesBuildPhase section */

/* Begin PBXTargetDependency section */
		F47047561B011AE700FEFEFF /* PBXTargetDependency */ = {
			isa = PBXTargetDependency;
			target = F47047371B011AE700FEFEFF /* WeddingWise */;
			targetProxy = F47047551B011AE700FEFEFF /* PBXContainerItemProxy */;
		};
/* End PBXTargetDependency section */

/* Begin PBXVariantGroup section */
		F470474D1B011AE700FEFEFF /* LaunchScreen.xib */ = {
			isa = PBXVariantGroup;
			children = (
				F470474E1B011AE700FEFEFF /* Base */,
			);
			name = LaunchScreen.xib;
			sourceTree = "<group>";
		};
/* End PBXVariantGroup section */

/* Begin XCBuildConfiguration section */
		F470475C1B011AE700FEFEFF /* Debug */ = {
			isa = XCBuildConfiguration;
			buildSettings = {
				ALWAYS_SEARCH_USER_PATHS = NO;
				CLANG_CXX_LANGUAGE_STANDARD = "gnu++0x";
				CLANG_CXX_LIBRARY = "libc++";
				CLANG_ENABLE_MODULES = YES;
				CLANG_ENABLE_OBJC_ARC = YES;
				CLANG_WARN_BOOL_CONVERSION = YES;
				CLANG_WARN_CONSTANT_CONVERSION = YES;
				CLANG_WARN_DIRECT_OBJC_ISA_USAGE = YES_ERROR;
				CLANG_WARN_EMPTY_BODY = YES;
				CLANG_WARN_ENUM_CONVERSION = YES;
				CLANG_WARN_INT_CONVERSION = YES;
				CLANG_WARN_OBJC_ROOT_CLASS = YES_ERROR;
				CLANG_WARN_UNREACHABLE_CODE = YES;
				CLANG_WARN__DUPLICATE_METHOD_MATCH = YES;
				CODE_SIGN_IDENTITY = "iPhone Developer: Dharam Mehta (95NA7968E3)";
				"CODE_SIGN_IDENTITY[sdk=iphoneos*]" = "iPhone Developer: Dharam Mehta (95NA7968E3)";
				COPY_PHASE_STRIP = NO;
				ENABLE_STRICT_OBJC_MSGSEND = YES;
				GCC_C_LANGUAGE_STANDARD = gnu99;
				GCC_DYNAMIC_NO_PIC = NO;
				GCC_OPTIMIZATION_LEVEL = 0;
				GCC_PREPROCESSOR_DEFINITIONS = (
					"DEBUG=1",
					"$(inherited)",
				);
				GCC_SYMBOLS_PRIVATE_EXTERN = NO;
				GCC_WARN_64_TO_32_BIT_CONVERSION = YES;
				GCC_WARN_ABOUT_RETURN_TYPE = YES_ERROR;
				GCC_WARN_UNDECLARED_SELECTOR = YES;
				GCC_WARN_UNINITIALIZED_AUTOS = YES_AGGRESSIVE;
				GCC_WARN_UNUSED_FUNCTION = YES;
				GCC_WARN_UNUSED_VARIABLE = YES;
				IPHONEOS_DEPLOYMENT_TARGET = 8.2;
				MTL_ENABLE_DEBUG_INFO = YES;
				ONLY_ACTIVE_ARCH = YES;
				PROVISIONING_PROFILE = "72828c51-00d2-4baa-b83a-da9e5aeb9385";
				SDKROOT = iphoneos;
			};
			name = Debug;
		};
		F470475D1B011AE700FEFEFF /* Release */ = {
			isa = XCBuildConfiguration;
			buildSettings = {
				ALWAYS_SEARCH_USER_PATHS = NO;
				CLANG_CXX_LANGUAGE_STANDARD = "gnu++0x";
				CLANG_CXX_LIBRARY = "libc++";
				CLANG_ENABLE_MODULES = YES;
				CLANG_ENABLE_OBJC_ARC = YES;
				CLANG_WARN_BOOL_CONVERSION = YES;
				CLANG_WARN_CONSTANT_CONVERSION = YES;
				CLANG_WARN_DIRECT_OBJC_ISA_USAGE = YES_ERROR;
				CLANG_WARN_EMPTY_BODY = YES;
				CLANG_WARN_ENUM_CONVERSION = YES;
				CLANG_WARN_INT_CONVERSION = YES;
				CLANG_WARN_OBJC_ROOT_CLASS = YES_ERROR;
				CLANG_WARN_UNREACHABLE_CODE = YES;
				CLANG_WARN__DUPLICATE_METHOD_MATCH = YES;
				CODE_SIGN_IDENTITY = "iPhone Developer: Dharam Mehta (95NA7968E3)";
				"CODE_SIGN_IDENTITY[sdk=iphoneos*]" = "iPhone Developer: Dharam Mehta (95NA7968E3)";
				COPY_PHASE_STRIP = NO;
				ENABLE_NS_ASSERTIONS = NO;
				ENABLE_STRICT_OBJC_MSGSEND = YES;
				GCC_C_LANGUAGE_STANDARD = gnu99;
				GCC_WARN_64_TO_32_BIT_CONVERSION = YES;
				GCC_WARN_ABOUT_RETURN_TYPE = YES_ERROR;
				GCC_WARN_UNDECLARED_SELECTOR = YES;
				GCC_WARN_UNINITIALIZED_AUTOS = YES_AGGRESSIVE;
				GCC_WARN_UNUSED_FUNCTION = YES;
				GCC_WARN_UNUSED_VARIABLE = YES;
				IPHONEOS_DEPLOYMENT_TARGET = 8.2;
				MTL_ENABLE_DEBUG_INFO = NO;
				PROVISIONING_PROFILE = "72828c51-00d2-4baa-b83a-da9e5aeb9385";
				SDKROOT = iphoneos;
				VALIDATE_PRODUCT = YES;
			};
			name = Release;
		};
		F470475F1B011AE700FEFEFF /* Debug */ = {
			isa = XCBuildConfiguration;
			baseConfigurationReference = B7F75524AF798B2E38C82249 /* Pods-WeddingWise.debug.xcconfig */;
			buildSettings = {
				ASSETCATALOG_COMPILER_APPICON_NAME = AppIcon;
				ASSETCATALOG_COMPILER_LAUNCHIMAGE_NAME = LaunchImage;
				CODE_SIGN_IDENTITY = "iPhone Developer: Dharam Mehta (95NA7968E3)";
				"CODE_SIGN_IDENTITY[sdk=iphoneos*]" = "iPhone Developer: Dharam Mehta (95NA7968E3)";
				FRAMEWORK_SEARCH_PATHS = (
					"$(inherited)",
					"$(PROJECT_DIR)/WeddingWise",
					/Users/Home/Documents/FacebookSdk,
					"/Users/Home/Desktop/Projects/R&D/google-plus-ios-sdk-1.7.1",
					/Users/dotsquares/Documents/FacebookSDK,
					"/Users/dotsquares/Downloads/google-plus-ios-sdk-1.7.1",
					"/Users/ranosys-mac3/Documents/FacebookSDK",
					"/Users/ranosys-mac3/Downloads/fb_gmail/google-plus-ios-sdk-1.5.1",
				);
				GCC_PREFIX_HEADER = WeddingWise/WeddingWise.pch;
				INFOPLIST_FILE = WeddingWise/Info.plist;
				IPHONEOS_DEPLOYMENT_TARGET = 7.0;
				LD_RUNPATH_SEARCH_PATHS = "$(inherited) @executable_path/Frameworks";
				OTHER_LDFLAGS = (
					"-ObjC",
					"-l\"Pods-WeddingWise-AFNetworking\"",
					"-l\"Pods-WeddingWise-MBProgressHUD\"",
				);
				PRODUCT_NAME = "$(TARGET_NAME)";
				PROVISIONING_PROFILE = "8e80fcab-690f-4a7a-ab4f-145e013be6dd";
				TARGETED_DEVICE_FAMILY = "1,2";
			};
			name = Debug;
		};
		F47047601B011AE700FEFEFF /* Release */ = {
			isa = XCBuildConfiguration;
			baseConfigurationReference = BCA744BDD1EACD68F038680E /* Pods-WeddingWise.release.xcconfig */;
			buildSettings = {
				ASSETCATALOG_COMPILER_APPICON_NAME = AppIcon;
				ASSETCATALOG_COMPILER_LAUNCHIMAGE_NAME = LaunchImage;
				CODE_SIGN_IDENTITY = "iPhone Developer: Dharam Mehta (95NA7968E3)";
				"CODE_SIGN_IDENTITY[sdk=iphoneos*]" = "iPhone Developer: Dharam Mehta (95NA7968E3)";
				FRAMEWORK_SEARCH_PATHS = (
					"$(inherited)",
					"$(PROJECT_DIR)/WeddingWise",
					/Users/Home/Documents/FacebookSdk,
					"/Users/Home/Desktop/Projects/R&D/google-plus-ios-sdk-1.7.1",
					/Users/dotsquares/Documents/FacebookSDK,
					"/Users/dotsquares/Downloads/google-plus-ios-sdk-1.7.1",
					"/Users/ranosys-mac3/Documents/FacebookSDK",
					"/Users/ranosys-mac3/Downloads/fb_gmail/google-plus-ios-sdk-1.5.1",
				);
				GCC_PREFIX_HEADER = WeddingWise/WeddingWise.pch;
				INFOPLIST_FILE = WeddingWise/Info.plist;
				IPHONEOS_DEPLOYMENT_TARGET = 7.0;
				LD_RUNPATH_SEARCH_PATHS = "$(inherited) @executable_path/Frameworks";
				OTHER_LDFLAGS = (
					"-ObjC",
					"-l\"Pods-WeddingWise-AFNetworking\"",
					"-l\"Pods-WeddingWise-MBProgressHUD\"",
				);
				PRODUCT_NAME = "$(TARGET_NAME)";
				PROVISIONING_PROFILE = "8e80fcab-690f-4a7a-ab4f-145e013be6dd";
				TARGETED_DEVICE_FAMILY = "1,2";
			};
			name = Release;
		};
		F47047621B011AE700FEFEFF /* Debug */ = {
			isa = XCBuildConfiguration;
			buildSettings = {
				BUNDLE_LOADER = "$(TEST_HOST)";
				CODE_SIGN_IDENTITY = "iPhone Developer: Dharam Mehta (95NA7968E3)";
				"CODE_SIGN_IDENTITY[sdk=iphoneos*]" = "iPhone Developer: Dharam Mehta (95NA7968E3)";
				FRAMEWORK_SEARCH_PATHS = (
					"$(SDKROOT)/Developer/Library/Frameworks",
					"$(inherited)",
				);
				GCC_PREPROCESSOR_DEFINITIONS = (
					"DEBUG=1",
					"$(inherited)",
				);
				INFOPLIST_FILE = WeddingWiseTests/Info.plist;
				LD_RUNPATH_SEARCH_PATHS = "$(inherited) @executable_path/Frameworks @loader_path/Frameworks";
				PRODUCT_NAME = "$(TARGET_NAME)";
				PROVISIONING_PROFILE = "8e80fcab-690f-4a7a-ab4f-145e013be6dd";
				TEST_HOST = "$(BUILT_PRODUCTS_DIR)/WeddingWise.app/WeddingWise";
			};
			name = Debug;
		};
		F47047631B011AE700FEFEFF /* Release */ = {
			isa = XCBuildConfiguration;
			buildSettings = {
				BUNDLE_LOADER = "$(TEST_HOST)";
				CODE_SIGN_IDENTITY = "iPhone Developer: Dharam Mehta (95NA7968E3)";
				"CODE_SIGN_IDENTITY[sdk=iphoneos*]" = "iPhone Developer: Dharam Mehta (95NA7968E3)";
				FRAMEWORK_SEARCH_PATHS = (
					"$(SDKROOT)/Developer/Library/Frameworks",
					"$(inherited)",
				);
				INFOPLIST_FILE = WeddingWiseTests/Info.plist;
				LD_RUNPATH_SEARCH_PATHS = "$(inherited) @executable_path/Frameworks @loader_path/Frameworks";
				PRODUCT_NAME = "$(TARGET_NAME)";
				PROVISIONING_PROFILE = "8e80fcab-690f-4a7a-ab4f-145e013be6dd";
				TEST_HOST = "$(BUILT_PRODUCTS_DIR)/WeddingWise.app/WeddingWise";
			};
			name = Release;
		};
/* End XCBuildConfiguration section */

/* Begin XCConfigurationList section */
		F47047331B011AE700FEFEFF /* Build configuration list for PBXProject "WeddingWise" */ = {
			isa = XCConfigurationList;
			buildConfigurations = (
				F470475C1B011AE700FEFEFF /* Debug */,
				F470475D1B011AE700FEFEFF /* Release */,
			);
			defaultConfigurationIsVisible = 0;
			defaultConfigurationName = Release;
		};
		F470475E1B011AE700FEFEFF /* Build configuration list for PBXNativeTarget "WeddingWise" */ = {
			isa = XCConfigurationList;
			buildConfigurations = (
				F470475F1B011AE700FEFEFF /* Debug */,
				F47047601B011AE700FEFEFF /* Release */,
			);
			defaultConfigurationIsVisible = 0;
			defaultConfigurationName = Release;
		};
		F47047611B011AE700FEFEFF /* Build configuration list for PBXNativeTarget "WeddingWiseTests" */ = {
			isa = XCConfigurationList;
			buildConfigurations = (
				F47047621B011AE700FEFEFF /* Debug */,
				F47047631B011AE700FEFEFF /* Release */,
			);
			defaultConfigurationIsVisible = 0;
			defaultConfigurationName = Release;
		};
/* End XCConfigurationList section */

/* Begin XCVersionGroup section */
		F47047421B011AE700FEFEFF /* WeddingWise.xcdatamodeld */ = {
			isa = XCVersionGroup;
			children = (
				F47047431B011AE700FEFEFF /* WeddingWise.xcdatamodel */,
			);
			currentVersion = F47047431B011AE700FEFEFF /* WeddingWise.xcdatamodel */;
			path = WeddingWise.xcdatamodeld;
			sourceTree = "<group>";
			versionGroupType = wrapper.xcdatamodel;
		};
/* End XCVersionGroup section */
	};
	rootObject = F47047301B011AE700FEFEFF /* Project object */;
}
